// !$*UTF8*$!
{
	archiveVersion = 1;
	classes = {
	};
	objectVersion = 46;
	objects = {

/* Begin PBXBuildFile section */
		F71E110717A1C4E50045EBC5 /* FacebookSDK.framework in Frameworks */ = {isa = PBXBuildFile; fileRef = F71E110617A1C4E50045EBC5 /* FacebookSDK.framework */; };
		F71E114317A1D80E0045EBC5 /* CXXConverter.framework in Frameworks */ = {isa = PBXBuildFile; fileRef = F71E114217A1D80E0045EBC5 /* CXXConverter.framework */; };
		F71E114517A1D8170045EBC5 /* Accounts.framework in Frameworks */ = {isa = PBXBuildFile; fileRef = F71E114417A1D8170045EBC5 /* Accounts.framework */; };
		F71E114717A1D81E0045EBC5 /* Social.framework in Frameworks */ = {isa = PBXBuildFile; fileRef = F71E114617A1D81E0045EBC5 /* Social.framework */; };
		F71E114917A1D8210045EBC5 /* AdSupport.framework in Frameworks */ = {isa = PBXBuildFile; fileRef = F71E114817A1D8210045EBC5 /* AdSupport.framework */; };
		F71E114B17A1D82E0045EBC5 /* libsqlite3.dylib in Frameworks */ = {isa = PBXBuildFile; fileRef = F71E114A17A1D82E0045EBC5 /* libsqlite3.dylib */; };
		F7D9782617A9C070005CB1FC /* libFacebookCXX.a in Frameworks */ = {isa = PBXBuildFile; fileRef = F7D9782517A9C070005CB1FC /* libFacebookCXX.a */; };
		F7E447E217A1BE910029E8BC /* UIKit.framework in Frameworks */ = {isa = PBXBuildFile; fileRef = F7E447E117A1BE910029E8BC /* UIKit.framework */; };
		F7E447E417A1BE910029E8BC /* Foundation.framework in Frameworks */ = {isa = PBXBuildFile; fileRef = F7E447E317A1BE910029E8BC /* Foundation.framework */; };
		F7E447E617A1BE910029E8BC /* CoreGraphics.framework in Frameworks */ = {isa = PBXBuildFile; fileRef = F7E447E517A1BE910029E8BC /* CoreGraphics.framework */; };
		F7E447EC17A1BE910029E8BC /* InfoPlist.strings in Resources */ = {isa = PBXBuildFile; fileRef = F7E447EA17A1BE910029E8BC /* InfoPlist.strings */; };
		F7E447EE17A1BE910029E8BC /* main.m in Sources */ = {isa = PBXBuildFile; fileRef = F7E447ED17A1BE910029E8BC /* main.m */; };
		F7E447F217A1BE910029E8BC /* AppDelegate.mm in Sources */ = {isa = PBXBuildFile; fileRef = F7E447F117A1BE910029E8BC /* AppDelegate.mm */; };
		F7E447F417A1BE910029E8BC /* Default.png in Resources */ = {isa = PBXBuildFile; fileRef = F7E447F317A1BE910029E8BC /* Default.png */; };
		F7E447F617A1BE910029E8BC /* Default@2x.png in Resources */ = {isa = PBXBuildFile; fileRef = F7E447F517A1BE910029E8BC /* Default@2x.png */; };
		F7E447F817A1BE910029E8BC /* Default-568h@2x.png in Resources */ = {isa = PBXBuildFile; fileRef = F7E447F717A1BE910029E8BC /* Default-568h@2x.png */; };
		F7E447FB17A1BE910029E8BC /* ViewController.mm in Sources */ = {isa = PBXBuildFile; fileRef = F7E447FA17A1BE910029E8BC /* ViewController.mm */; };
		F7E447FE17A1BE910029E8BC /* ViewController.xib in Resources */ = {isa = PBXBuildFile; fileRef = F7E447FC17A1BE910029E8BC /* ViewController.xib */; };
/* End PBXBuildFile section */

/* Begin PBXFileReference section */
		F71E110617A1C4E50045EBC5 /* FacebookSDK.framework */ = {isa = PBXFileReference; lastKnownFileType = wrapper.framework; name = FacebookSDK.framework; path = "../objc/facebook-ios-sdk/FacebookSDK.framework"; sourceTree = "<group>"; };
		F71E114217A1D80E0045EBC5 /* CXXConverter.framework */ = {isa = PBXFileReference; lastKnownFileType = wrapper.framework; name = CXXConverter.framework; path = "../../../../../generator/platform/ios/resources/CXXConverter/build/Debug-iphoneos/CXXConverter.framework"; sourceTree = "<group>"; };
		F71E114417A1D8170045EBC5 /* Accounts.framework */ = {isa = PBXFileReference; lastKnownFileType = wrapper.framework; name = Accounts.framework; path = System/Library/Frameworks/Accounts.framework; sourceTree = SDKROOT; };
		F71E114617A1D81E0045EBC5 /* Social.framework */ = {isa = PBXFileReference; lastKnownFileType = wrapper.framework; name = Social.framework; path = System/Library/Frameworks/Social.framework; sourceTree = SDKROOT; };
		F71E114817A1D8210045EBC5 /* AdSupport.framework */ = {isa = PBXFileReference; lastKnownFileType = wrapper.framework; name = AdSupport.framework; path = System/Library/Frameworks/AdSupport.framework; sourceTree = SDKROOT; };
		F71E114A17A1D82E0045EBC5 /* libsqlite3.dylib */ = {isa = PBXFileReference; lastKnownFileType = "compiled.mach-o.dylib"; name = libsqlite3.dylib; path = usr/lib/libsqlite3.dylib; sourceTree = SDKROOT; };
		F7D9776917A9BEFD005CB1FC /* FBGraphLocationConformerCxx.mm */ = {isa = PBXFileReference; fileEncoding = 4; lastKnownFileType = sourcecode.cpp.objcpp; path = FBGraphLocationConformerCxx.mm; sourceTree = "<group>"; };
		F7D9776A17A9BEFD005CB1FC /* FBGraphObjectConformerCxx.mm */ = {isa = PBXFileReference; fileEncoding = 4; lastKnownFileType = sourcecode.cpp.objcpp; path = FBGraphObjectConformerCxx.mm; sourceTree = "<group>"; };
		F7D9776B17A9BEFD005CB1FC /* FBGraphPlaceConformerCxx.mm */ = {isa = PBXFileReference; fileEncoding = 4; lastKnownFileType = sourcecode.cpp.objcpp; path = FBGraphPlaceConformerCxx.mm; sourceTree = "<group>"; };
		F7D9776C17A9BEFD005CB1FC /* FBGraphUserConformerCxx.mm */ = {isa = PBXFileReference; fileEncoding = 4; lastKnownFileType = sourcecode.cpp.objcpp; path = FBGraphUserConformerCxx.mm; sourceTree = "<group>"; };
		F7D9776D17A9BEFD005CB1FC /* FBLoginViewDelegateConformerCxx.mm */ = {isa = PBXFileReference; fileEncoding = 4; lastKnownFileType = sourcecode.cpp.objcpp; path = FBLoginViewDelegateConformerCxx.mm; sourceTree = "<group>"; };
		F7D9776E17A9BEFD005CB1FC /* FBOpenGraphActionConformerCxx.mm */ = {isa = PBXFileReference; fileEncoding = 4; lastKnownFileType = sourcecode.cpp.objcpp; path = FBOpenGraphActionConformerCxx.mm; sourceTree = "<group>"; };
		F7D9776F17A9BEFD005CB1FC /* FBOpenGraphObjectConformerCxx.mm */ = {isa = PBXFileReference; fileEncoding = 4; lastKnownFileType = sourcecode.cpp.objcpp; path = FBOpenGraphObjectConformerCxx.mm; sourceTree = "<group>"; };
		F7D9777017A9BEFD005CB1FC /* FBViewControllerDelegateConformerCxx.mm */ = {isa = PBXFileReference; fileEncoding = 4; lastKnownFileType = sourcecode.cpp.objcpp; path = FBViewControllerDelegateConformerCxx.mm; sourceTree = "<group>"; };
		F7D9777117A9BEFD005CB1FC /* FBWebDialogsDelegateConformerCxx.mm */ = {isa = PBXFileReference; fileEncoding = 4; lastKnownFileType = sourcecode.cpp.objcpp; path = FBWebDialogsDelegateConformerCxx.mm; sourceTree = "<group>"; };
		F7D9777317A9BEFD005CB1FC /* FBGraphLocationConformer.mm */ = {isa = PBXFileReference; fileEncoding = 4; lastKnownFileType = sourcecode.cpp.objcpp; path = FBGraphLocationConformer.mm; sourceTree = "<group>"; };
		F7D9777417A9BEFD005CB1FC /* FBGraphObjectConformer.mm */ = {isa = PBXFileReference; fileEncoding = 4; lastKnownFileType = sourcecode.cpp.objcpp; path = FBGraphObjectConformer.mm; sourceTree = "<group>"; };
		F7D9777517A9BEFD005CB1FC /* FBGraphPlaceConformer.mm */ = {isa = PBXFileReference; fileEncoding = 4; lastKnownFileType = sourcecode.cpp.objcpp; path = FBGraphPlaceConformer.mm; sourceTree = "<group>"; };
		F7D9777617A9BEFD005CB1FC /* FBGraphUserConformer.mm */ = {isa = PBXFileReference; fileEncoding = 4; lastKnownFileType = sourcecode.cpp.objcpp; path = FBGraphUserConformer.mm; sourceTree = "<group>"; };
		F7D9777717A9BEFD005CB1FC /* FBLoginViewDelegateConformer.mm */ = {isa = PBXFileReference; fileEncoding = 4; lastKnownFileType = sourcecode.cpp.objcpp; path = FBLoginViewDelegateConformer.mm; sourceTree = "<group>"; };
		F7D9777817A9BEFD005CB1FC /* FBOpenGraphActionConformer.mm */ = {isa = PBXFileReference; fileEncoding = 4; lastKnownFileType = sourcecode.cpp.objcpp; path = FBOpenGraphActionConformer.mm; sourceTree = "<group>"; };
		F7D9777917A9BEFD005CB1FC /* FBOpenGraphObjectConformer.mm */ = {isa = PBXFileReference; fileEncoding = 4; lastKnownFileType = sourcecode.cpp.objcpp; path = FBOpenGraphObjectConformer.mm; sourceTree = "<group>"; };
		F7D9777A17A9BEFD005CB1FC /* FBViewControllerDelegateConformer.mm */ = {isa = PBXFileReference; fileEncoding = 4; lastKnownFileType = sourcecode.cpp.objcpp; path = FBViewControllerDelegateConformer.mm; sourceTree = "<group>"; };
		F7D9777B17A9BEFD005CB1FC /* FBWebDialogsDelegateConformer.mm */ = {isa = PBXFileReference; fileEncoding = 4; lastKnownFileType = sourcecode.cpp.objcpp; path = FBWebDialogsDelegateConformer.mm; sourceTree = "<group>"; };
		F7D9777D17A9BEFD005CB1FC /* FacebookCXXConverter.mm */ = {isa = PBXFileReference; fileEncoding = 4; lastKnownFileType = sourcecode.cpp.objcpp; path = FacebookCXXConverter.mm; sourceTree = "<group>"; };
		F7D9777F17A9BEFD005CB1FC /* FBAccessTokenDataCxx.mm */ = {isa = PBXFileReference; fileEncoding = 4; lastKnownFileType = sourcecode.cpp.objcpp; path = FBAccessTokenDataCxx.mm; sourceTree = "<group>"; };
		F7D9778017A9BEFD005CB1FC /* FBAppCallCxx.mm */ = {isa = PBXFileReference; fileEncoding = 4; lastKnownFileType = sourcecode.cpp.objcpp; path = FBAppCallCxx.mm; sourceTree = "<group>"; };
		F7D9778117A9BEFD005CB1FC /* FBAppEventsCxx.mm */ = {isa = PBXFileReference; fileEncoding = 4; lastKnownFileType = sourcecode.cpp.objcpp; path = FBAppEventsCxx.mm; sourceTree = "<group>"; };
		F7D9778217A9BEFD005CB1FC /* FBAppLinkDataCxx.mm */ = {isa = PBXFileReference; fileEncoding = 4; lastKnownFileType = sourcecode.cpp.objcpp; path = FBAppLinkDataCxx.mm; sourceTree = "<group>"; };
		F7D9778317A9BEFD005CB1FC /* FBCacheDescriptorCxx.mm */ = {isa = PBXFileReference; fileEncoding = 4; lastKnownFileType = sourcecode.cpp.objcpp; path = FBCacheDescriptorCxx.mm; sourceTree = "<group>"; };
		F7D9778417A9BEFD005CB1FC /* FBDialogsCxx.mm */ = {isa = PBXFileReference; fileEncoding = 4; lastKnownFileType = sourcecode.cpp.objcpp; path = FBDialogsCxx.mm; sourceTree = "<group>"; };
		F7D9778517A9BEFD005CB1FC /* FBDialogsDataCxx.mm */ = {isa = PBXFileReference; fileEncoding = 4; lastKnownFileType = sourcecode.cpp.objcpp; path = FBDialogsDataCxx.mm; sourceTree = "<group>"; };
		F7D9778617A9BEFD005CB1FC /* FBDialogsParamsCxx.mm */ = {isa = PBXFileReference; fileEncoding = 4; lastKnownFileType = sourcecode.cpp.objcpp; path = FBDialogsParamsCxx.mm; sourceTree = "<group>"; };
		F7D9778717A9BEFD005CB1FC /* FBFrictionlessRecipientCacheCxx.mm */ = {isa = PBXFileReference; fileEncoding = 4; lastKnownFileType = sourcecode.cpp.objcpp; path = FBFrictionlessRecipientCacheCxx.mm; sourceTree = "<group>"; };
		F7D9778817A9BEFD005CB1FC /* FBFriendPickerViewControllerCxx.mm */ = {isa = PBXFileReference; fileEncoding = 4; lastKnownFileType = sourcecode.cpp.objcpp; path = FBFriendPickerViewControllerCxx.mm; sourceTree = "<group>"; };
		F7D9778917A9BEFD005CB1FC /* FBGraphLocationProtocolCxx.mm */ = {isa = PBXFileReference; fileEncoding = 4; lastKnownFileType = sourcecode.cpp.objcpp; path = FBGraphLocationProtocolCxx.mm; sourceTree = "<group>"; };
		F7D9778A17A9BEFD005CB1FC /* FBGraphObjectCxx.mm */ = {isa = PBXFileReference; fileEncoding = 4; lastKnownFileType = sourcecode.cpp.objcpp; path = FBGraphObjectCxx.mm; sourceTree = "<group>"; };
		F7D9778B17A9BEFD005CB1FC /* FBGraphObjectProtocolCxx.mm */ = {isa = PBXFileReference; fileEncoding = 4; lastKnownFileType = sourcecode.cpp.objcpp; path = FBGraphObjectProtocolCxx.mm; sourceTree = "<group>"; };
		F7D9778C17A9BEFD005CB1FC /* FBGraphPlaceProtocolCxx.mm */ = {isa = PBXFileReference; fileEncoding = 4; lastKnownFileType = sourcecode.cpp.objcpp; path = FBGraphPlaceProtocolCxx.mm; sourceTree = "<group>"; };
		F7D9778D17A9BEFD005CB1FC /* FBGraphUserProtocolCxx.mm */ = {isa = PBXFileReference; fileEncoding = 4; lastKnownFileType = sourcecode.cpp.objcpp; path = FBGraphUserProtocolCxx.mm; sourceTree = "<group>"; };
		F7D9778E17A9BEFD005CB1FC /* FBInsightsCxx.mm */ = {isa = PBXFileReference; fileEncoding = 4; lastKnownFileType = sourcecode.cpp.objcpp; path = FBInsightsCxx.mm; sourceTree = "<group>"; };
		F7D9778F17A9BEFD005CB1FC /* FBLoginViewCxx.mm */ = {isa = PBXFileReference; fileEncoding = 4; lastKnownFileType = sourcecode.cpp.objcpp; path = FBLoginViewCxx.mm; sourceTree = "<group>"; };
		F7D9779017A9BEFD005CB1FC /* FBLoginViewDelegateProtocolCxx.mm */ = {isa = PBXFileReference; fileEncoding = 4; lastKnownFileType = sourcecode.cpp.objcpp; path = FBLoginViewDelegateProtocolCxx.mm; sourceTree = "<group>"; };
		F7D9779117A9BEFD005CB1FC /* FBNativeDialogsCxx.mm */ = {isa = PBXFileReference; fileEncoding = 4; lastKnownFileType = sourcecode.cpp.objcpp; path = FBNativeDialogsCxx.mm; sourceTree = "<group>"; };
		F7D9779217A9BEFD005CB1FC /* FBOpenGraphActionProtocolCxx.mm */ = {isa = PBXFileReference; fileEncoding = 4; lastKnownFileType = sourcecode.cpp.objcpp; path = FBOpenGraphActionProtocolCxx.mm; sourceTree = "<group>"; };
		F7D9779317A9BEFD005CB1FC /* FBOpenGraphActionShareDialogParamsCxx.mm */ = {isa = PBXFileReference; fileEncoding = 4; lastKnownFileType = sourcecode.cpp.objcpp; path = FBOpenGraphActionShareDialogParamsCxx.mm; sourceTree = "<group>"; };
		F7D9779417A9BEFD005CB1FC /* FBOpenGraphObjectProtocolCxx.mm */ = {isa = PBXFileReference; fileEncoding = 4; lastKnownFileType = sourcecode.cpp.objcpp; path = FBOpenGraphObjectProtocolCxx.mm; sourceTree = "<group>"; };
		F7D9779517A9BEFD005CB1FC /* FBPlacePickerViewControllerCxx.mm */ = {isa = PBXFileReference; fileEncoding = 4; lastKnownFileType = sourcecode.cpp.objcpp; path = FBPlacePickerViewControllerCxx.mm; sourceTree = "<group>"; };
		F7D9779617A9BEFD005CB1FC /* FBProfilePictureViewCxx.mm */ = {isa = PBXFileReference; fileEncoding = 4; lastKnownFileType = sourcecode.cpp.objcpp; path = FBProfilePictureViewCxx.mm; sourceTree = "<group>"; };
		F7D9779717A9BEFD005CB1FC /* FBRequestConnectionCxx.mm */ = {isa = PBXFileReference; fileEncoding = 4; lastKnownFileType = sourcecode.cpp.objcpp; path = FBRequestConnectionCxx.mm; sourceTree = "<group>"; };
		F7D9779817A9BEFD005CB1FC /* FBRequestCxx.mm */ = {isa = PBXFileReference; fileEncoding = 4; lastKnownFileType = sourcecode.cpp.objcpp; path = FBRequestCxx.mm; sourceTree = "<group>"; };
		F7D9779917A9BEFD005CB1FC /* FBSessionCxx.mm */ = {isa = PBXFileReference; fileEncoding = 4; lastKnownFileType = sourcecode.cpp.objcpp; path = FBSessionCxx.mm; sourceTree = "<group>"; };
		F7D9779A17A9BEFD005CB1FC /* FBSessionTokenCachingStrategyCxx.mm */ = {isa = PBXFileReference; fileEncoding = 4; lastKnownFileType = sourcecode.cpp.objcpp; path = FBSessionTokenCachingStrategyCxx.mm; sourceTree = "<group>"; };
		F7D9779B17A9BEFD005CB1FC /* FBSettingsCxx.mm */ = {isa = PBXFileReference; fileEncoding = 4; lastKnownFileType = sourcecode.cpp.objcpp; path = FBSettingsCxx.mm; sourceTree = "<group>"; };
		F7D9779C17A9BEFD005CB1FC /* FBShareDialogParamsCxx.mm */ = {isa = PBXFileReference; fileEncoding = 4; lastKnownFileType = sourcecode.cpp.objcpp; path = FBShareDialogParamsCxx.mm; sourceTree = "<group>"; };
		F7D9779D17A9BEFD005CB1FC /* FBTestSessionCxx.mm */ = {isa = PBXFileReference; fileEncoding = 4; lastKnownFileType = sourcecode.cpp.objcpp; path = FBTestSessionCxx.mm; sourceTree = "<group>"; };
		F7D9779E17A9BEFD005CB1FC /* FBUserSettingsViewControllerCxx.mm */ = {isa = PBXFileReference; fileEncoding = 4; lastKnownFileType = sourcecode.cpp.objcpp; path = FBUserSettingsViewControllerCxx.mm; sourceTree = "<group>"; };
		F7D9779F17A9BEFD005CB1FC /* FBViewControllerCxx.mm */ = {isa = PBXFileReference; fileEncoding = 4; lastKnownFileType = sourcecode.cpp.objcpp; path = FBViewControllerCxx.mm; sourceTree = "<group>"; };
		F7D977A017A9BEFD005CB1FC /* FBViewControllerDelegateProtocolCxx.mm */ = {isa = PBXFileReference; fileEncoding = 4; lastKnownFileType = sourcecode.cpp.objcpp; path = FBViewControllerDelegateProtocolCxx.mm; sourceTree = "<group>"; };
		F7D977A117A9BEFD005CB1FC /* FBWebDialogsCxx.mm */ = {isa = PBXFileReference; fileEncoding = 4; lastKnownFileType = sourcecode.cpp.objcpp; path = FBWebDialogsCxx.mm; sourceTree = "<group>"; };
		F7D977A217A9BEFD005CB1FC /* FBWebDialogsDelegateProtocolCxx.mm */ = {isa = PBXFileReference; fileEncoding = 4; lastKnownFileType = sourcecode.cpp.objcpp; path = FBWebDialogsDelegateProtocolCxx.mm; sourceTree = "<group>"; };
		F7D977A617A9BEFD005CB1FC /* FBGraphLocationConformerCxx.hpp */ = {isa = PBXFileReference; fileEncoding = 4; lastKnownFileType = sourcecode.cpp.h; path = FBGraphLocationConformerCxx.hpp; sourceTree = "<group>"; };
		F7D977A717A9BEFD005CB1FC /* FBGraphObjectConformerCxx.hpp */ = {isa = PBXFileReference; fileEncoding = 4; lastKnownFileType = sourcecode.cpp.h; path = FBGraphObjectConformerCxx.hpp; sourceTree = "<group>"; };
		F7D977A817A9BEFD005CB1FC /* FBGraphPlaceConformerCxx.hpp */ = {isa = PBXFileReference; fileEncoding = 4; lastKnownFileType = sourcecode.cpp.h; path = FBGraphPlaceConformerCxx.hpp; sourceTree = "<group>"; };
		F7D977A917A9BEFD005CB1FC /* FBGraphUserConformerCxx.hpp */ = {isa = PBXFileReference; fileEncoding = 4; lastKnownFileType = sourcecode.cpp.h; path = FBGraphUserConformerCxx.hpp; sourceTree = "<group>"; };
		F7D977AA17A9BEFD005CB1FC /* FBLoginViewDelegateConformerCxx.hpp */ = {isa = PBXFileReference; fileEncoding = 4; lastKnownFileType = sourcecode.cpp.h; path = FBLoginViewDelegateConformerCxx.hpp; sourceTree = "<group>"; };
		F7D977AB17A9BEFD005CB1FC /* FBOpenGraphActionConformerCxx.hpp */ = {isa = PBXFileReference; fileEncoding = 4; lastKnownFileType = sourcecode.cpp.h; path = FBOpenGraphActionConformerCxx.hpp; sourceTree = "<group>"; };
		F7D977AC17A9BEFD005CB1FC /* FBOpenGraphObjectConformerCxx.hpp */ = {isa = PBXFileReference; fileEncoding = 4; lastKnownFileType = sourcecode.cpp.h; path = FBOpenGraphObjectConformerCxx.hpp; sourceTree = "<group>"; };
		F7D977AD17A9BEFD005CB1FC /* FBViewControllerDelegateConformerCxx.hpp */ = {isa = PBXFileReference; fileEncoding = 4; lastKnownFileType = sourcecode.cpp.h; path = FBViewControllerDelegateConformerCxx.hpp; sourceTree = "<group>"; };
		F7D977AE17A9BEFD005CB1FC /* FBWebDialogsDelegateConformerCxx.hpp */ = {isa = PBXFileReference; fileEncoding = 4; lastKnownFileType = sourcecode.cpp.h; path = FBWebDialogsDelegateConformerCxx.hpp; sourceTree = "<group>"; };
		F7D977B017A9BEFD005CB1FC /* FBGraphLocationConformer.h */ = {isa = PBXFileReference; fileEncoding = 4; lastKnownFileType = sourcecode.c.h; path = FBGraphLocationConformer.h; sourceTree = "<group>"; };
		F7D977B117A9BEFD005CB1FC /* FBGraphObjectConformer.h */ = {isa = PBXFileReference; fileEncoding = 4; lastKnownFileType = sourcecode.c.h; path = FBGraphObjectConformer.h; sourceTree = "<group>"; };
		F7D977B217A9BEFD005CB1FC /* FBGraphPlaceConformer.h */ = {isa = PBXFileReference; fileEncoding = 4; lastKnownFileType = sourcecode.c.h; path = FBGraphPlaceConformer.h; sourceTree = "<group>"; };
		F7D977B317A9BEFD005CB1FC /* FBGraphUserConformer.h */ = {isa = PBXFileReference; fileEncoding = 4; lastKnownFileType = sourcecode.c.h; path = FBGraphUserConformer.h; sourceTree = "<group>"; };
		F7D977B417A9BEFD005CB1FC /* FBLoginViewDelegateConformer.h */ = {isa = PBXFileReference; fileEncoding = 4; lastKnownFileType = sourcecode.c.h; path = FBLoginViewDelegateConformer.h; sourceTree = "<group>"; };
		F7D977B517A9BEFD005CB1FC /* FBOpenGraphActionConformer.h */ = {isa = PBXFileReference; fileEncoding = 4; lastKnownFileType = sourcecode.c.h; path = FBOpenGraphActionConformer.h; sourceTree = "<group>"; };
		F7D977B617A9BEFD005CB1FC /* FBOpenGraphObjectConformer.h */ = {isa = PBXFileReference; fileEncoding = 4; lastKnownFileType = sourcecode.c.h; path = FBOpenGraphObjectConformer.h; sourceTree = "<group>"; };
		F7D977B717A9BEFD005CB1FC /* FBViewControllerDelegateConformer.h */ = {isa = PBXFileReference; fileEncoding = 4; lastKnownFileType = sourcecode.c.h; path = FBViewControllerDelegateConformer.h; sourceTree = "<group>"; };
		F7D977B817A9BEFD005CB1FC /* FBWebDialogsDelegateConformer.h */ = {isa = PBXFileReference; fileEncoding = 4; lastKnownFileType = sourcecode.c.h; path = FBWebDialogsDelegateConformer.h; sourceTree = "<group>"; };
		F7D977BA17A9BEFD005CB1FC /* FacebookCXXConverter.hpp */ = {isa = PBXFileReference; fileEncoding = 4; lastKnownFileType = sourcecode.cpp.h; path = FacebookCXXConverter.hpp; sourceTree = "<group>"; };
		F7D977BC17A9BEFD005CB1FC /* FBAppEventsFlushBehaviorCxx.hpp */ = {isa = PBXFileReference; fileEncoding = 4; lastKnownFileType = sourcecode.cpp.h; path = FBAppEventsFlushBehaviorCxx.hpp; sourceTree = "<group>"; };
		F7D977BD17A9BEFD005CB1FC /* FBBetaFeaturesCxx.hpp */ = {isa = PBXFileReference; fileEncoding = 4; lastKnownFileType = sourcecode.cpp.h; path = FBBetaFeaturesCxx.hpp; sourceTree = "<group>"; };
		F7D977BE17A9BEFD005CB1FC /* FBFriendDisplayOrderingCxx.hpp */ = {isa = PBXFileReference; fileEncoding = 4; lastKnownFileType = sourcecode.cpp.h; path = FBFriendDisplayOrderingCxx.hpp; sourceTree = "<group>"; };
		F7D977BF17A9BEFD005CB1FC /* FBFriendSortOrderingCxx.hpp */ = {isa = PBXFileReference; fileEncoding = 4; lastKnownFileType = sourcecode.cpp.h; path = FBFriendSortOrderingCxx.hpp; sourceTree = "<group>"; };
		F7D977C017A9BEFD005CB1FC /* FBInsightsFlushBehaviorCxx.hpp */ = {isa = PBXFileReference; fileEncoding = 4; lastKnownFileType = sourcecode.cpp.h; path = FBInsightsFlushBehaviorCxx.hpp; sourceTree = "<group>"; };
		F7D977C117A9BEFD005CB1FC /* FBNativeDialogResultCxx.hpp */ = {isa = PBXFileReference; fileEncoding = 4; lastKnownFileType = sourcecode.cpp.h; path = FBNativeDialogResultCxx.hpp; sourceTree = "<group>"; };
		F7D977C217A9BEFD005CB1FC /* FBOSIntegratedShareDialogResultCxx.hpp */ = {isa = PBXFileReference; fileEncoding = 4; lastKnownFileType = sourcecode.cpp.h; path = FBOSIntegratedShareDialogResultCxx.hpp; sourceTree = "<group>"; };
		F7D977C317A9BEFD005CB1FC /* FBProfilePictureCroppingCxx.hpp */ = {isa = PBXFileReference; fileEncoding = 4; lastKnownFileType = sourcecode.cpp.h; path = FBProfilePictureCroppingCxx.hpp; sourceTree = "<group>"; };
		F7D977C417A9BEFD005CB1FC /* FBSessionDefaultAudienceCxx.hpp */ = {isa = PBXFileReference; fileEncoding = 4; lastKnownFileType = sourcecode.cpp.h; path = FBSessionDefaultAudienceCxx.hpp; sourceTree = "<group>"; };
		F7D977C517A9BEFD005CB1FC /* FBSessionLoginBehaviorCxx.hpp */ = {isa = PBXFileReference; fileEncoding = 4; lastKnownFileType = sourcecode.cpp.h; path = FBSessionLoginBehaviorCxx.hpp; sourceTree = "<group>"; };
		F7D977C617A9BEFD005CB1FC /* FBSessionLoginTypeCxx.hpp */ = {isa = PBXFileReference; fileEncoding = 4; lastKnownFileType = sourcecode.cpp.h; path = FBSessionLoginTypeCxx.hpp; sourceTree = "<group>"; };
		F7D977C717A9BEFD005CB1FC /* FBSessionStateCxx.hpp */ = {isa = PBXFileReference; fileEncoding = 4; lastKnownFileType = sourcecode.cpp.h; path = FBSessionStateCxx.hpp; sourceTree = "<group>"; };
		F7D977C817A9BEFD005CB1FC /* FBWebDialogResultCxx.hpp */ = {isa = PBXFileReference; fileEncoding = 4; lastKnownFileType = sourcecode.cpp.h; path = FBWebDialogResultCxx.hpp; sourceTree = "<group>"; };
		F7D977CA17A9BEFD005CB1FC /* FBAccessTokenDataCxx.hpp */ = {isa = PBXFileReference; fileEncoding = 4; lastKnownFileType = sourcecode.cpp.h; path = FBAccessTokenDataCxx.hpp; sourceTree = "<group>"; };
		F7D977CB17A9BEFD005CB1FC /* FBAppCallCxx.hpp */ = {isa = PBXFileReference; fileEncoding = 4; lastKnownFileType = sourcecode.cpp.h; path = FBAppCallCxx.hpp; sourceTree = "<group>"; };
		F7D977CC17A9BEFD005CB1FC /* FBAppEventsCxx.hpp */ = {isa = PBXFileReference; fileEncoding = 4; lastKnownFileType = sourcecode.cpp.h; path = FBAppEventsCxx.hpp; sourceTree = "<group>"; };
		F7D977CD17A9BEFD005CB1FC /* FBAppLinkDataCxx.hpp */ = {isa = PBXFileReference; fileEncoding = 4; lastKnownFileType = sourcecode.cpp.h; path = FBAppLinkDataCxx.hpp; sourceTree = "<group>"; };
		F7D977CE17A9BEFD005CB1FC /* FBCacheDescriptorCxx.hpp */ = {isa = PBXFileReference; fileEncoding = 4; lastKnownFileType = sourcecode.cpp.h; path = FBCacheDescriptorCxx.hpp; sourceTree = "<group>"; };
		F7D977CF17A9BEFD005CB1FC /* FBDialogsCxx.hpp */ = {isa = PBXFileReference; fileEncoding = 4; lastKnownFileType = sourcecode.cpp.h; path = FBDialogsCxx.hpp; sourceTree = "<group>"; };
		F7D977D017A9BEFD005CB1FC /* FBDialogsDataCxx.hpp */ = {isa = PBXFileReference; fileEncoding = 4; lastKnownFileType = sourcecode.cpp.h; path = FBDialogsDataCxx.hpp; sourceTree = "<group>"; };
		F7D977D117A9BEFD005CB1FC /* FBDialogsParamsCxx.hpp */ = {isa = PBXFileReference; fileEncoding = 4; lastKnownFileType = sourcecode.cpp.h; path = FBDialogsParamsCxx.hpp; sourceTree = "<group>"; };
		F7D977D217A9BEFD005CB1FC /* FBFrictionlessRecipientCacheCxx.hpp */ = {isa = PBXFileReference; fileEncoding = 4; lastKnownFileType = sourcecode.cpp.h; path = FBFrictionlessRecipientCacheCxx.hpp; sourceTree = "<group>"; };
		F7D977D317A9BEFD005CB1FC /* FBFriendPickerViewControllerCxx.hpp */ = {isa = PBXFileReference; fileEncoding = 4; lastKnownFileType = sourcecode.cpp.h; path = FBFriendPickerViewControllerCxx.hpp; sourceTree = "<group>"; };
		F7D977D417A9BEFD005CB1FC /* FBGraphLocationProtocolCxx.hpp */ = {isa = PBXFileReference; fileEncoding = 4; lastKnownFileType = sourcecode.cpp.h; path = FBGraphLocationProtocolCxx.hpp; sourceTree = "<group>"; };
		F7D977D517A9BEFD005CB1FC /* FBGraphObjectCxx.hpp */ = {isa = PBXFileReference; fileEncoding = 4; lastKnownFileType = sourcecode.cpp.h; path = FBGraphObjectCxx.hpp; sourceTree = "<group>"; };
		F7D977D617A9BEFD005CB1FC /* FBGraphObjectProtocolCxx.hpp */ = {isa = PBXFileReference; fileEncoding = 4; lastKnownFileType = sourcecode.cpp.h; path = FBGraphObjectProtocolCxx.hpp; sourceTree = "<group>"; };
		F7D977D717A9BEFD005CB1FC /* FBGraphPlaceProtocolCxx.hpp */ = {isa = PBXFileReference; fileEncoding = 4; lastKnownFileType = sourcecode.cpp.h; path = FBGraphPlaceProtocolCxx.hpp; sourceTree = "<group>"; };
		F7D977D817A9BEFD005CB1FC /* FBGraphUserProtocolCxx.hpp */ = {isa = PBXFileReference; fileEncoding = 4; lastKnownFileType = sourcecode.cpp.h; path = FBGraphUserProtocolCxx.hpp; sourceTree = "<group>"; };
		F7D977D917A9BEFD005CB1FC /* FBInsightsCxx.hpp */ = {isa = PBXFileReference; fileEncoding = 4; lastKnownFileType = sourcecode.cpp.h; path = FBInsightsCxx.hpp; sourceTree = "<group>"; };
		F7D977DA17A9BEFD005CB1FC /* FBLoginViewCxx.hpp */ = {isa = PBXFileReference; fileEncoding = 4; lastKnownFileType = sourcecode.cpp.h; path = FBLoginViewCxx.hpp; sourceTree = "<group>"; };
		F7D977DB17A9BEFD005CB1FC /* FBLoginViewDelegateProtocolCxx.hpp */ = {isa = PBXFileReference; fileEncoding = 4; lastKnownFileType = sourcecode.cpp.h; path = FBLoginViewDelegateProtocolCxx.hpp; sourceTree = "<group>"; };
		F7D977DC17A9BEFD005CB1FC /* FBNativeDialogsCxx.hpp */ = {isa = PBXFileReference; fileEncoding = 4; lastKnownFileType = sourcecode.cpp.h; path = FBNativeDialogsCxx.hpp; sourceTree = "<group>"; };
		F7D977DD17A9BEFD005CB1FC /* FBOpenGraphActionProtocolCxx.hpp */ = {isa = PBXFileReference; fileEncoding = 4; lastKnownFileType = sourcecode.cpp.h; path = FBOpenGraphActionProtocolCxx.hpp; sourceTree = "<group>"; };
		F7D977DE17A9BEFD005CB1FC /* FBOpenGraphActionShareDialogParamsCxx.hpp */ = {isa = PBXFileReference; fileEncoding = 4; lastKnownFileType = sourcecode.cpp.h; path = FBOpenGraphActionShareDialogParamsCxx.hpp; sourceTree = "<group>"; };
		F7D977DF17A9BEFD005CB1FC /* FBOpenGraphObjectProtocolCxx.hpp */ = {isa = PBXFileReference; fileEncoding = 4; lastKnownFileType = sourcecode.cpp.h; path = FBOpenGraphObjectProtocolCxx.hpp; sourceTree = "<group>"; };
		F7D977E017A9BEFD005CB1FC /* FBPlacePickerViewControllerCxx.hpp */ = {isa = PBXFileReference; fileEncoding = 4; lastKnownFileType = sourcecode.cpp.h; path = FBPlacePickerViewControllerCxx.hpp; sourceTree = "<group>"; };
		F7D977E117A9BEFD005CB1FC /* FBProfilePictureViewCxx.hpp */ = {isa = PBXFileReference; fileEncoding = 4; lastKnownFileType = sourcecode.cpp.h; path = FBProfilePictureViewCxx.hpp; sourceTree = "<group>"; };
		F7D977E217A9BEFD005CB1FC /* FBRequestConnectionCxx.hpp */ = {isa = PBXFileReference; fileEncoding = 4; lastKnownFileType = sourcecode.cpp.h; path = FBRequestConnectionCxx.hpp; sourceTree = "<group>"; };
		F7D977E317A9BEFD005CB1FC /* FBRequestCxx.hpp */ = {isa = PBXFileReference; fileEncoding = 4; lastKnownFileType = sourcecode.cpp.h; path = FBRequestCxx.hpp; sourceTree = "<group>"; };
		F7D977E417A9BEFD005CB1FC /* FBSessionCxx.hpp */ = {isa = PBXFileReference; fileEncoding = 4; lastKnownFileType = sourcecode.cpp.h; path = FBSessionCxx.hpp; sourceTree = "<group>"; };
		F7D977E517A9BEFD005CB1FC /* FBSessionTokenCachingStrategyCxx.hpp */ = {isa = PBXFileReference; fileEncoding = 4; lastKnownFileType = sourcecode.cpp.h; path = FBSessionTokenCachingStrategyCxx.hpp; sourceTree = "<group>"; };
		F7D977E617A9BEFD005CB1FC /* FBSettingsCxx.hpp */ = {isa = PBXFileReference; fileEncoding = 4; lastKnownFileType = sourcecode.cpp.h; path = FBSettingsCxx.hpp; sourceTree = "<group>"; };
		F7D977E717A9BEFD005CB1FC /* FBShareDialogParamsCxx.hpp */ = {isa = PBXFileReference; fileEncoding = 4; lastKnownFileType = sourcecode.cpp.h; path = FBShareDialogParamsCxx.hpp; sourceTree = "<group>"; };
		F7D977E817A9BEFD005CB1FC /* FBTestSessionCxx.hpp */ = {isa = PBXFileReference; fileEncoding = 4; lastKnownFileType = sourcecode.cpp.h; path = FBTestSessionCxx.hpp; sourceTree = "<group>"; };
		F7D977E917A9BEFD005CB1FC /* FBUserSettingsViewControllerCxx.hpp */ = {isa = PBXFileReference; fileEncoding = 4; lastKnownFileType = sourcecode.cpp.h; path = FBUserSettingsViewControllerCxx.hpp; sourceTree = "<group>"; };
		F7D977EA17A9BEFD005CB1FC /* FBViewControllerCxx.hpp */ = {isa = PBXFileReference; fileEncoding = 4; lastKnownFileType = sourcecode.cpp.h; path = FBViewControllerCxx.hpp; sourceTree = "<group>"; };
		F7D977EB17A9BEFD005CB1FC /* FBViewControllerDelegateProtocolCxx.hpp */ = {isa = PBXFileReference; fileEncoding = 4; lastKnownFileType = sourcecode.cpp.h; path = FBViewControllerDelegateProtocolCxx.hpp; sourceTree = "<group>"; };
		F7D977EC17A9BEFD005CB1FC /* FBWebDialogsCxx.hpp */ = {isa = PBXFileReference; fileEncoding = 4; lastKnownFileType = sourcecode.cpp.h; path = FBWebDialogsCxx.hpp; sourceTree = "<group>"; };
		F7D977ED17A9BEFD005CB1FC /* FBWebDialogsDelegateProtocolCxx.hpp */ = {isa = PBXFileReference; fileEncoding = 4; lastKnownFileType = sourcecode.cpp.h; path = FBWebDialogsDelegateProtocolCxx.hpp; sourceTree = "<group>"; };
		F7D9782517A9C070005CB1FC /* libFacebookCXX.a */ = {isa = PBXFileReference; lastKnownFileType = archive.ar; name = libFacebookCXX.a; path = ../cxx/generated/project/lib/fat/libFacebookCXX.a; sourceTree = "<group>"; };
		F7E447DE17A1BE910029E8BC /* TestFacebookCXX.app */ = {isa = PBXFileReference; explicitFileType = wrapper.application; includeInIndex = 0; path = TestFacebookCXX.app; sourceTree = BUILT_PRODUCTS_DIR; };
		F7E447E117A1BE910029E8BC /* UIKit.framework */ = {isa = PBXFileReference; lastKnownFileType = wrapper.framework; name = UIKit.framework; path = System/Library/Frameworks/UIKit.framework; sourceTree = SDKROOT; };
		F7E447E317A1BE910029E8BC /* Foundation.framework */ = {isa = PBXFileReference; lastKnownFileType = wrapper.framework; name = Foundation.framework; path = System/Library/Frameworks/Foundation.framework; sourceTree = SDKROOT; };
		F7E447E517A1BE910029E8BC /* CoreGraphics.framework */ = {isa = PBXFileReference; lastKnownFileType = wrapper.framework; name = CoreGraphics.framework; path = System/Library/Frameworks/CoreGraphics.framework; sourceTree = SDKROOT; };
		F7E447E917A1BE910029E8BC /* TestFacebookCXX-Info.plist */ = {isa = PBXFileReference; lastKnownFileType = text.plist.xml; path = "TestFacebookCXX-Info.plist"; sourceTree = "<group>"; };
		F7E447EB17A1BE910029E8BC /* en */ = {isa = PBXFileReference; lastKnownFileType = text.plist.strings; name = en; path = en.lproj/InfoPlist.strings; sourceTree = "<group>"; };
		F7E447ED17A1BE910029E8BC /* main.m */ = {isa = PBXFileReference; lastKnownFileType = sourcecode.c.objc; path = main.m; sourceTree = "<group>"; };
		F7E447EF17A1BE910029E8BC /* TestFacebookCXX-Prefix.pch */ = {isa = PBXFileReference; lastKnownFileType = sourcecode.c.h; path = "TestFacebookCXX-Prefix.pch"; sourceTree = "<group>"; };
		F7E447F017A1BE910029E8BC /* AppDelegate.h */ = {isa = PBXFileReference; lastKnownFileType = sourcecode.c.h; path = AppDelegate.h; sourceTree = "<group>"; };
		F7E447F117A1BE910029E8BC /* AppDelegate.mm */ = {isa = PBXFileReference; lastKnownFileType = sourcecode.cpp.objcpp; path = AppDelegate.mm; sourceTree = "<group>"; };
		F7E447F317A1BE910029E8BC /* Default.png */ = {isa = PBXFileReference; lastKnownFileType = image.png; path = Default.png; sourceTree = "<group>"; };
		F7E447F517A1BE910029E8BC /* Default@2x.png */ = {isa = PBXFileReference; lastKnownFileType = image.png; path = "Default@2x.png"; sourceTree = "<group>"; };
		F7E447F717A1BE910029E8BC /* Default-568h@2x.png */ = {isa = PBXFileReference; lastKnownFileType = image.png; path = "Default-568h@2x.png"; sourceTree = "<group>"; };
		F7E447F917A1BE910029E8BC /* ViewController.h */ = {isa = PBXFileReference; lastKnownFileType = sourcecode.c.h; path = ViewController.h; sourceTree = "<group>"; };
		F7E447FA17A1BE910029E8BC /* ViewController.mm */ = {isa = PBXFileReference; lastKnownFileType = sourcecode.cpp.objcpp; path = ViewController.mm; sourceTree = "<group>"; };
		F7E447FD17A1BE910029E8BC /* en */ = {isa = PBXFileReference; lastKnownFileType = file.xib; name = en; path = en.lproj/ViewController.xib; sourceTree = "<group>"; };
/* End PBXFileReference section */

/* Begin PBXFrameworksBuildPhase section */
		F7E447DB17A1BE910029E8BC /* Frameworks */ = {
			isa = PBXFrameworksBuildPhase;
			buildActionMask = 2147483647;
			files = (
				F71E114B17A1D82E0045EBC5 /* libsqlite3.dylib in Frameworks */,
				F71E114917A1D8210045EBC5 /* AdSupport.framework in Frameworks */,
				F71E114717A1D81E0045EBC5 /* Social.framework in Frameworks */,
				F71E114517A1D8170045EBC5 /* Accounts.framework in Frameworks */,
				F7E447E217A1BE910029E8BC /* UIKit.framework in Frameworks */,
				F7E447E417A1BE910029E8BC /* Foundation.framework in Frameworks */,
				F7E447E617A1BE910029E8BC /* CoreGraphics.framework in Frameworks */,
				F71E110717A1C4E50045EBC5 /* FacebookSDK.framework in Frameworks */,
				F71E114317A1D80E0045EBC5 /* CXXConverter.framework in Frameworks */,
				F7D9782617A9C070005CB1FC /* libFacebookCXX.a in Frameworks */,
			);
			runOnlyForDeploymentPostprocessing = 0;
		};
/* End PBXFrameworksBuildPhase section */

/* Begin PBXGroup section */
		F71E110817A1C55F0045EBC5 /* generated */ = {
			isa = PBXGroup;
			children = (
				F7D9776617A9BEFD005CB1FC /* impl */,
				F7D977A317A9BEFD005CB1FC /* includes */,
			);
			name = generated;
			sourceTree = "<group>";
		};
		F7D9776617A9BEFD005CB1FC /* impl */ = {
			isa = PBXGroup;
			children = (
				F7D9776717A9BEFD005CB1FC /* FacebookCXX */,
			);
			name = impl;
			path = ../../cxx/generated/project/impl;
			sourceTree = "<group>";
		};
		F7D9776717A9BEFD005CB1FC /* FacebookCXX */ = {
			isa = PBXGroup;
			children = (
				F7D9776817A9BEFD005CB1FC /* conformers */,
				F7D9777C17A9BEFD005CB1FC /* converters */,
				F7D9777E17A9BEFD005CB1FC /* proxies */,
			);
			path = FacebookCXX;
			sourceTree = "<group>";
		};
		F7D9776817A9BEFD005CB1FC /* conformers */ = {
			isa = PBXGroup;
			children = (
				F7D9776917A9BEFD005CB1FC /* FBGraphLocationConformerCxx.mm */,
				F7D9776A17A9BEFD005CB1FC /* FBGraphObjectConformerCxx.mm */,
				F7D9776B17A9BEFD005CB1FC /* FBGraphPlaceConformerCxx.mm */,
				F7D9776C17A9BEFD005CB1FC /* FBGraphUserConformerCxx.mm */,
				F7D9776D17A9BEFD005CB1FC /* FBLoginViewDelegateConformerCxx.mm */,
				F7D9776E17A9BEFD005CB1FC /* FBOpenGraphActionConformerCxx.mm */,
				F7D9776F17A9BEFD005CB1FC /* FBOpenGraphObjectConformerCxx.mm */,
				F7D9777017A9BEFD005CB1FC /* FBViewControllerDelegateConformerCxx.mm */,
				F7D9777117A9BEFD005CB1FC /* FBWebDialogsDelegateConformerCxx.mm */,
				F7D9777217A9BEFD005CB1FC /* protocols */,
			);
			path = conformers;
			sourceTree = "<group>";
		};
		F7D9777217A9BEFD005CB1FC /* protocols */ = {
			isa = PBXGroup;
			children = (
				F7D9777317A9BEFD005CB1FC /* FBGraphLocationConformer.mm */,
				F7D9777417A9BEFD005CB1FC /* FBGraphObjectConformer.mm */,
				F7D9777517A9BEFD005CB1FC /* FBGraphPlaceConformer.mm */,
				F7D9777617A9BEFD005CB1FC /* FBGraphUserConformer.mm */,
				F7D9777717A9BEFD005CB1FC /* FBLoginViewDelegateConformer.mm */,
				F7D9777817A9BEFD005CB1FC /* FBOpenGraphActionConformer.mm */,
				F7D9777917A9BEFD005CB1FC /* FBOpenGraphObjectConformer.mm */,
				F7D9777A17A9BEFD005CB1FC /* FBViewControllerDelegateConformer.mm */,
				F7D9777B17A9BEFD005CB1FC /* FBWebDialogsDelegateConformer.mm */,
			);
			path = protocols;
			sourceTree = "<group>";
		};
		F7D9777C17A9BEFD005CB1FC /* converters */ = {
			isa = PBXGroup;
			children = (
				F7D9777D17A9BEFD005CB1FC /* FacebookCXXConverter.mm */,
			);
			path = converters;
			sourceTree = "<group>";
		};
		F7D9777E17A9BEFD005CB1FC /* proxies */ = {
			isa = PBXGroup;
			children = (
				F7D9777F17A9BEFD005CB1FC /* FBAccessTokenDataCxx.mm */,
				F7D9778017A9BEFD005CB1FC /* FBAppCallCxx.mm */,
				F7D9778117A9BEFD005CB1FC /* FBAppEventsCxx.mm */,
				F7D9778217A9BEFD005CB1FC /* FBAppLinkDataCxx.mm */,
				F7D9778317A9BEFD005CB1FC /* FBCacheDescriptorCxx.mm */,
				F7D9778417A9BEFD005CB1FC /* FBDialogsCxx.mm */,
				F7D9778517A9BEFD005CB1FC /* FBDialogsDataCxx.mm */,
				F7D9778617A9BEFD005CB1FC /* FBDialogsParamsCxx.mm */,
				F7D9778717A9BEFD005CB1FC /* FBFrictionlessRecipientCacheCxx.mm */,
				F7D9778817A9BEFD005CB1FC /* FBFriendPickerViewControllerCxx.mm */,
				F7D9778917A9BEFD005CB1FC /* FBGraphLocationProtocolCxx.mm */,
				F7D9778A17A9BEFD005CB1FC /* FBGraphObjectCxx.mm */,
				F7D9778B17A9BEFD005CB1FC /* FBGraphObjectProtocolCxx.mm */,
				F7D9778C17A9BEFD005CB1FC /* FBGraphPlaceProtocolCxx.mm */,
				F7D9778D17A9BEFD005CB1FC /* FBGraphUserProtocolCxx.mm */,
				F7D9778E17A9BEFD005CB1FC /* FBInsightsCxx.mm */,
				F7D9778F17A9BEFD005CB1FC /* FBLoginViewCxx.mm */,
				F7D9779017A9BEFD005CB1FC /* FBLoginViewDelegateProtocolCxx.mm */,
				F7D9779117A9BEFD005CB1FC /* FBNativeDialogsCxx.mm */,
				F7D9779217A9BEFD005CB1FC /* FBOpenGraphActionProtocolCxx.mm */,
				F7D9779317A9BEFD005CB1FC /* FBOpenGraphActionShareDialogParamsCxx.mm */,
				F7D9779417A9BEFD005CB1FC /* FBOpenGraphObjectProtocolCxx.mm */,
				F7D9779517A9BEFD005CB1FC /* FBPlacePickerViewControllerCxx.mm */,
				F7D9779617A9BEFD005CB1FC /* FBProfilePictureViewCxx.mm */,
				F7D9779717A9BEFD005CB1FC /* FBRequestConnectionCxx.mm */,
				F7D9779817A9BEFD005CB1FC /* FBRequestCxx.mm */,
				F7D9779917A9BEFD005CB1FC /* FBSessionCxx.mm */,
				F7D9779A17A9BEFD005CB1FC /* FBSessionTokenCachingStrategyCxx.mm */,
				F7D9779B17A9BEFD005CB1FC /* FBSettingsCxx.mm */,
				F7D9779C17A9BEFD005CB1FC /* FBShareDialogParamsCxx.mm */,
				F7D9779D17A9BEFD005CB1FC /* FBTestSessionCxx.mm */,
				F7D9779E17A9BEFD005CB1FC /* FBUserSettingsViewControllerCxx.mm */,
				F7D9779F17A9BEFD005CB1FC /* FBViewControllerCxx.mm */,
				F7D977A017A9BEFD005CB1FC /* FBViewControllerDelegateProtocolCxx.mm */,
				F7D977A117A9BEFD005CB1FC /* FBWebDialogsCxx.mm */,
				F7D977A217A9BEFD005CB1FC /* FBWebDialogsDelegateProtocolCxx.mm */,
			);
			path = proxies;
			sourceTree = "<group>";
		};
		F7D977A317A9BEFD005CB1FC /* includes */ = {
			isa = PBXGroup;
			children = (
				F7D977A417A9BEFD005CB1FC /* FacebookCXX */,
			);
			name = includes;
			path = ../../cxx/generated/project/includes;
			sourceTree = "<group>";
		};
		F7D977A417A9BEFD005CB1FC /* FacebookCXX */ = {
			isa = PBXGroup;
			children = (
				F7D977A517A9BEFD005CB1FC /* conformers */,
				F7D977B917A9BEFD005CB1FC /* converters */,
				F7D977BB17A9BEFD005CB1FC /* enums */,
				F7D977C917A9BEFD005CB1FC /* proxies */,
			);
			path = FacebookCXX;
			sourceTree = "<group>";
		};
		F7D977A517A9BEFD005CB1FC /* conformers */ = {
			isa = PBXGroup;
			children = (
				F7D977A617A9BEFD005CB1FC /* FBGraphLocationConformerCxx.hpp */,
				F7D977A717A9BEFD005CB1FC /* FBGraphObjectConformerCxx.hpp */,
				F7D977A817A9BEFD005CB1FC /* FBGraphPlaceConformerCxx.hpp */,
				F7D977A917A9BEFD005CB1FC /* FBGraphUserConformerCxx.hpp */,
				F7D977AA17A9BEFD005CB1FC /* FBLoginViewDelegateConformerCxx.hpp */,
				F7D977AB17A9BEFD005CB1FC /* FBOpenGraphActionConformerCxx.hpp */,
				F7D977AC17A9BEFD005CB1FC /* FBOpenGraphObjectConformerCxx.hpp */,
				F7D977AD17A9BEFD005CB1FC /* FBViewControllerDelegateConformerCxx.hpp */,
				F7D977AE17A9BEFD005CB1FC /* FBWebDialogsDelegateConformerCxx.hpp */,
				F7D977AF17A9BEFD005CB1FC /* protocols */,
			);
			path = conformers;
			sourceTree = "<group>";
		};
		F7D977AF17A9BEFD005CB1FC /* protocols */ = {
			isa = PBXGroup;
			children = (
				F7D977B017A9BEFD005CB1FC /* FBGraphLocationConformer.h */,
				F7D977B117A9BEFD005CB1FC /* FBGraphObjectConformer.h */,
				F7D977B217A9BEFD005CB1FC /* FBGraphPlaceConformer.h */,
				F7D977B317A9BEFD005CB1FC /* FBGraphUserConformer.h */,
				F7D977B417A9BEFD005CB1FC /* FBLoginViewDelegateConformer.h */,
				F7D977B517A9BEFD005CB1FC /* FBOpenGraphActionConformer.h */,
				F7D977B617A9BEFD005CB1FC /* FBOpenGraphObjectConformer.h */,
				F7D977B717A9BEFD005CB1FC /* FBViewControllerDelegateConformer.h */,
				F7D977B817A9BEFD005CB1FC /* FBWebDialogsDelegateConformer.h */,
			);
			path = protocols;
			sourceTree = "<group>";
		};
		F7D977B917A9BEFD005CB1FC /* converters */ = {
			isa = PBXGroup;
			children = (
				F7D977BA17A9BEFD005CB1FC /* FacebookCXXConverter.hpp */,
			);
			path = converters;
			sourceTree = "<group>";
		};
		F7D977BB17A9BEFD005CB1FC /* enums */ = {
			isa = PBXGroup;
			children = (
				F7D977BC17A9BEFD005CB1FC /* FBAppEventsFlushBehaviorCxx.hpp */,
				F7D977BD17A9BEFD005CB1FC /* FBBetaFeaturesCxx.hpp */,
				F7D977BE17A9BEFD005CB1FC /* FBFriendDisplayOrderingCxx.hpp */,
				F7D977BF17A9BEFD005CB1FC /* FBFriendSortOrderingCxx.hpp */,
				F7D977C017A9BEFD005CB1FC /* FBInsightsFlushBehaviorCxx.hpp */,
				F7D977C117A9BEFD005CB1FC /* FBNativeDialogResultCxx.hpp */,
				F7D977C217A9BEFD005CB1FC /* FBOSIntegratedShareDialogResultCxx.hpp */,
				F7D977C317A9BEFD005CB1FC /* FBProfilePictureCroppingCxx.hpp */,
				F7D977C417A9BEFD005CB1FC /* FBSessionDefaultAudienceCxx.hpp */,
				F7D977C517A9BEFD005CB1FC /* FBSessionLoginBehaviorCxx.hpp */,
				F7D977C617A9BEFD005CB1FC /* FBSessionLoginTypeCxx.hpp */,
				F7D977C717A9BEFD005CB1FC /* FBSessionStateCxx.hpp */,
				F7D977C817A9BEFD005CB1FC /* FBWebDialogResultCxx.hpp */,
			);
			path = enums;
			sourceTree = "<group>";
		};
		F7D977C917A9BEFD005CB1FC /* proxies */ = {
			isa = PBXGroup;
			children = (
				F7D977CA17A9BEFD005CB1FC /* FBAccessTokenDataCxx.hpp */,
				F7D977CB17A9BEFD005CB1FC /* FBAppCallCxx.hpp */,
				F7D977CC17A9BEFD005CB1FC /* FBAppEventsCxx.hpp */,
				F7D977CD17A9BEFD005CB1FC /* FBAppLinkDataCxx.hpp */,
				F7D977CE17A9BEFD005CB1FC /* FBCacheDescriptorCxx.hpp */,
				F7D977CF17A9BEFD005CB1FC /* FBDialogsCxx.hpp */,
				F7D977D017A9BEFD005CB1FC /* FBDialogsDataCxx.hpp */,
				F7D977D117A9BEFD005CB1FC /* FBDialogsParamsCxx.hpp */,
				F7D977D217A9BEFD005CB1FC /* FBFrictionlessRecipientCacheCxx.hpp */,
				F7D977D317A9BEFD005CB1FC /* FBFriendPickerViewControllerCxx.hpp */,
				F7D977D417A9BEFD005CB1FC /* FBGraphLocationProtocolCxx.hpp */,
				F7D977D517A9BEFD005CB1FC /* FBGraphObjectCxx.hpp */,
				F7D977D617A9BEFD005CB1FC /* FBGraphObjectProtocolCxx.hpp */,
				F7D977D717A9BEFD005CB1FC /* FBGraphPlaceProtocolCxx.hpp */,
				F7D977D817A9BEFD005CB1FC /* FBGraphUserProtocolCxx.hpp */,
				F7D977D917A9BEFD005CB1FC /* FBInsightsCxx.hpp */,
				F7D977DA17A9BEFD005CB1FC /* FBLoginViewCxx.hpp */,
				F7D977DB17A9BEFD005CB1FC /* FBLoginViewDelegateProtocolCxx.hpp */,
				F7D977DC17A9BEFD005CB1FC /* FBNativeDialogsCxx.hpp */,
				F7D977DD17A9BEFD005CB1FC /* FBOpenGraphActionProtocolCxx.hpp */,
				F7D977DE17A9BEFD005CB1FC /* FBOpenGraphActionShareDialogParamsCxx.hpp */,
				F7D977DF17A9BEFD005CB1FC /* FBOpenGraphObjectProtocolCxx.hpp */,
				F7D977E017A9BEFD005CB1FC /* FBPlacePickerViewControllerCxx.hpp */,
				F7D977E117A9BEFD005CB1FC /* FBProfilePictureViewCxx.hpp */,
				F7D977E217A9BEFD005CB1FC /* FBRequestConnectionCxx.hpp */,
				F7D977E317A9BEFD005CB1FC /* FBRequestCxx.hpp */,
				F7D977E417A9BEFD005CB1FC /* FBSessionCxx.hpp */,
				F7D977E517A9BEFD005CB1FC /* FBSessionTokenCachingStrategyCxx.hpp */,
				F7D977E617A9BEFD005CB1FC /* FBSettingsCxx.hpp */,
				F7D977E717A9BEFD005CB1FC /* FBShareDialogParamsCxx.hpp */,
				F7D977E817A9BEFD005CB1FC /* FBTestSessionCxx.hpp */,
				F7D977E917A9BEFD005CB1FC /* FBUserSettingsViewControllerCxx.hpp */,
				F7D977EA17A9BEFD005CB1FC /* FBViewControllerCxx.hpp */,
				F7D977EB17A9BEFD005CB1FC /* FBViewControllerDelegateProtocolCxx.hpp */,
				F7D977EC17A9BEFD005CB1FC /* FBWebDialogsCxx.hpp */,
				F7D977ED17A9BEFD005CB1FC /* FBWebDialogsDelegateProtocolCxx.hpp */,
			);
			path = proxies;
			sourceTree = "<group>";
		};
		F7E447D517A1BE910029E8BC = {
			isa = PBXGroup;
			children = (
				F7D9782517A9C070005CB1FC /* libFacebookCXX.a */,
				F71E114A17A1D82E0045EBC5 /* libsqlite3.dylib */,
				F71E114817A1D8210045EBC5 /* AdSupport.framework */,
				F71E114617A1D81E0045EBC5 /* Social.framework */,
				F71E114417A1D8170045EBC5 /* Accounts.framework */,
				F7E447E717A1BE910029E8BC /* TestFacebookCXX */,
				F7E447E017A1BE910029E8BC /* Frameworks */,
				F7E447DF17A1BE910029E8BC /* Products */,
			);
			sourceTree = "<group>";
		};
		F7E447DF17A1BE910029E8BC /* Products */ = {
			isa = PBXGroup;
			children = (
				F7E447DE17A1BE910029E8BC /* TestFacebookCXX.app */,
			);
			name = Products;
			sourceTree = "<group>";
		};
		F7E447E017A1BE910029E8BC /* Frameworks */ = {
			isa = PBXGroup;
			children = (
				F71E114217A1D80E0045EBC5 /* CXXConverter.framework */,
				F71E110617A1C4E50045EBC5 /* FacebookSDK.framework */,
				F7E447E117A1BE910029E8BC /* UIKit.framework */,
				F7E447E317A1BE910029E8BC /* Foundation.framework */,
				F7E447E517A1BE910029E8BC /* CoreGraphics.framework */,
			);
			name = Frameworks;
			sourceTree = "<group>";
		};
		F7E447E717A1BE910029E8BC /* TestFacebookCXX */ = {
			isa = PBXGroup;
			children = (
				F71E110817A1C55F0045EBC5 /* generated */,
				F7E447F017A1BE910029E8BC /* AppDelegate.h */,
				F7E447F117A1BE910029E8BC /* AppDelegate.mm */,
				F7E447F917A1BE910029E8BC /* ViewController.h */,
				F7E447FA17A1BE910029E8BC /* ViewController.mm */,
				F7E447FC17A1BE910029E8BC /* ViewController.xib */,
				F7E447E817A1BE910029E8BC /* Supporting Files */,
			);
			path = TestFacebookCXX;
			sourceTree = "<group>";
		};
		F7E447E817A1BE910029E8BC /* Supporting Files */ = {
			isa = PBXGroup;
			children = (
				F7E447E917A1BE910029E8BC /* TestFacebookCXX-Info.plist */,
				F7E447EA17A1BE910029E8BC /* InfoPlist.strings */,
				F7E447ED17A1BE910029E8BC /* main.m */,
				F7E447EF17A1BE910029E8BC /* TestFacebookCXX-Prefix.pch */,
				F7E447F317A1BE910029E8BC /* Default.png */,
				F7E447F517A1BE910029E8BC /* Default@2x.png */,
				F7E447F717A1BE910029E8BC /* Default-568h@2x.png */,
			);
			name = "Supporting Files";
			sourceTree = "<group>";
		};
/* End PBXGroup section */

/* Begin PBXNativeTarget section */
		F7E447DD17A1BE910029E8BC /* TestFacebookCXX */ = {
			isa = PBXNativeTarget;
			buildConfigurationList = F7E4480117A1BE910029E8BC /* Build configuration list for PBXNativeTarget "TestFacebookCXX" */;
			buildPhases = (
				F7E447DA17A1BE910029E8BC /* Sources */,
				F7E447DB17A1BE910029E8BC /* Frameworks */,
				F7E447DC17A1BE910029E8BC /* Resources */,
			);
			buildRules = (
			);
			dependencies = (
			);
			name = TestFacebookCXX;
			productName = TestFacebookCXX;
			productReference = F7E447DE17A1BE910029E8BC /* TestFacebookCXX.app */;
			productType = "com.apple.product-type.application";
		};
/* End PBXNativeTarget section */

/* Begin PBXProject section */
		F7E447D617A1BE910029E8BC /* Project object */ = {
			isa = PBXProject;
			attributes = {
				LastUpgradeCheck = 0460;
				ORGANIZATIONNAME = Zynga;
			};
			buildConfigurationList = F7E447D917A1BE910029E8BC /* Build configuration list for PBXProject "TestFacebookCXX" */;
			compatibilityVersion = "Xcode 3.2";
			developmentRegion = English;
			hasScannedForEncodings = 0;
			knownRegions = (
				en,
			);
			mainGroup = F7E447D517A1BE910029E8BC;
			productRefGroup = F7E447DF17A1BE910029E8BC /* Products */;
			projectDirPath = "";
			projectRoot = "";
			targets = (
				F7E447DD17A1BE910029E8BC /* TestFacebookCXX */,
			);
		};
/* End PBXProject section */

/* Begin PBXResourcesBuildPhase section */
		F7E447DC17A1BE910029E8BC /* Resources */ = {
			isa = PBXResourcesBuildPhase;
			buildActionMask = 2147483647;
			files = (
				F7E447EC17A1BE910029E8BC /* InfoPlist.strings in Resources */,
				F7E447F417A1BE910029E8BC /* Default.png in Resources */,
				F7E447F617A1BE910029E8BC /* Default@2x.png in Resources */,
				F7E447F817A1BE910029E8BC /* Default-568h@2x.png in Resources */,
				F7E447FE17A1BE910029E8BC /* ViewController.xib in Resources */,
			);
			runOnlyForDeploymentPostprocessing = 0;
		};
/* End PBXResourcesBuildPhase section */

/* Begin PBXSourcesBuildPhase section */
		F7E447DA17A1BE910029E8BC /* Sources */ = {
			isa = PBXSourcesBuildPhase;
			buildActionMask = 2147483647;
			files = (
				F7E447EE17A1BE910029E8BC /* main.m in Sources */,
				F7E447F217A1BE910029E8BC /* AppDelegate.mm in Sources */,
				F7E447FB17A1BE910029E8BC /* ViewController.mm in Sources */,
			);
			runOnlyForDeploymentPostprocessing = 0;
		};
/* End PBXSourcesBuildPhase section */

/* Begin PBXVariantGroup section */
		F7E447EA17A1BE910029E8BC /* InfoPlist.strings */ = {
			isa = PBXVariantGroup;
			children = (
				F7E447EB17A1BE910029E8BC /* en */,
			);
			name = InfoPlist.strings;
			sourceTree = "<group>";
		};
		F7E447FC17A1BE910029E8BC /* ViewController.xib */ = {
			isa = PBXVariantGroup;
			children = (
				F7E447FD17A1BE910029E8BC /* en */,
			);
			name = ViewController.xib;
			sourceTree = "<group>";
		};
/* End PBXVariantGroup section */

/* Begin XCBuildConfiguration section */
		F7E447FF17A1BE910029E8BC /* Debug */ = {
			isa = XCBuildConfiguration;
			buildSettings = {
				ALWAYS_SEARCH_USER_PATHS = NO;
				ARCHS = (
					"$(ARCHS_STANDARD_32_BIT)",
					i386,
				);
				CLANG_CXX_LANGUAGE_STANDARD = "gnu++0x";
				CLANG_CXX_LIBRARY = "libc++";
				CLANG_ENABLE_OBJC_ARC = YES;
				CLANG_WARN_CONSTANT_CONVERSION = YES;
				CLANG_WARN_EMPTY_BODY = YES;
				CLANG_WARN_ENUM_CONVERSION = YES;
				CLANG_WARN_INT_CONVERSION = YES;
				CLANG_WARN__DUPLICATE_METHOD_MATCH = YES;
				CODE_SIGN_IDENTITY = "iPhone Distribution: Zynga Game Network Inc";
				"CODE_SIGN_IDENTITY[sdk=iphoneos*]" = "iPhone Distribution: Zynga Game Network Inc";
				COPY_PHASE_STRIP = NO;
				FRAMEWORK_SEARCH_PATHS = (
					"$(SRCROOT)/../objc/facebook-ios-sdk",
					"$(SRCROOT)/../../../../../generator/platform/ios/resources/CXXConverter/build/Debug-iphoneos/",
				);
				GCC_C_LANGUAGE_STANDARD = gnu99;
				GCC_DYNAMIC_NO_PIC = NO;
				GCC_OPTIMIZATION_LEVEL = 0;
				GCC_PREPROCESSOR_DEFINITIONS = (
					"DEBUG=1",
					"$(inherited)",
				);
				GCC_SYMBOLS_PRIVATE_EXTERN = NO;
				GCC_WARN_ABOUT_RETURN_TYPE = YES;
				GCC_WARN_UNINITIALIZED_AUTOS = YES;
				GCC_WARN_UNUSED_VARIABLE = YES;
				HEADER_SEARCH_PATHS = "$(SRCROOT)../cxx/generated/project/includes";
				IPHONEOS_DEPLOYMENT_TARGET = 6.1;
				ONLY_ACTIVE_ARCH = NO;
				PROVISIONING_PROFILE = "22967452-8859-4C86-84AE-107D17432AF6";
				"PROVISIONING_PROFILE[sdk=iphoneos*]" = "22967452-8859-4C86-84AE-107D17432AF6";
				SDKROOT = iphoneos;
			};
			name = Debug;
		};
		F7E4480017A1BE910029E8BC /* Release */ = {
			isa = XCBuildConfiguration;
			buildSettings = {
				ALWAYS_SEARCH_USER_PATHS = NO;
				ARCHS = (
					"$(ARCHS_STANDARD_32_BIT)",
					i386,
				);
				CLANG_CXX_LANGUAGE_STANDARD = "gnu++0x";
				CLANG_CXX_LIBRARY = "libc++";
				CLANG_ENABLE_OBJC_ARC = YES;
				CLANG_WARN_CONSTANT_CONVERSION = YES;
				CLANG_WARN_EMPTY_BODY = YES;
				CLANG_WARN_ENUM_CONVERSION = YES;
				CLANG_WARN_INT_CONVERSION = YES;
				CLANG_WARN__DUPLICATE_METHOD_MATCH = YES;
				CODE_SIGN_IDENTITY = "iPhone Distribution: Zynga Game Network Inc";
				"CODE_SIGN_IDENTITY[sdk=iphoneos*]" = "iPhone Distribution: Zynga Game Network Inc";
				COPY_PHASE_STRIP = YES;
				FRAMEWORK_SEARCH_PATHS = (
					"$(SRCROOT)/../objc/facebook-ios-sdk",
					"$(SRCROOT)/../../../../../generator/platform/ios/resources/CXXConverter/build/Debug-iphoneos/",
				);
				GCC_C_LANGUAGE_STANDARD = gnu99;
				GCC_WARN_ABOUT_RETURN_TYPE = YES;
				GCC_WARN_UNINITIALIZED_AUTOS = YES;
				GCC_WARN_UNUSED_VARIABLE = YES;
				HEADER_SEARCH_PATHS = "$(SRCROOT)../cxx/generated/project/includes";
				IPHONEOS_DEPLOYMENT_TARGET = 6.1;
				OTHER_CFLAGS = "-DNS_BLOCK_ASSERTIONS=1";
				PROVISIONING_PROFILE = "22967452-8859-4C86-84AE-107D17432AF6";
				"PROVISIONING_PROFILE[sdk=iphoneos*]" = "22967452-8859-4C86-84AE-107D17432AF6";
				SDKROOT = iphoneos;
				VALIDATE_PRODUCT = YES;
			};
			name = Release;
		};
		F7E4480217A1BE910029E8BC /* Debug */ = {
			isa = XCBuildConfiguration;
			buildSettings = {
				FRAMEWORK_SEARCH_PATHS = (
					"$(inherited)",
					"\"$(SRCROOT)/../objc/facebook-ios-sdk\"",
					"\"$(SRCROOT)/../../../../../generator/platform/ios/resources/CXXConverter/build/Debug-iphoneos\"",
				);
				GCC_PRECOMPILE_PREFIX_HEADER = YES;
				GCC_PREFIX_HEADER = "TestFacebookCXX/TestFacebookCXX-Prefix.pch";
				HEADER_SEARCH_PATHS = "$(SRCROOT)/../cxx/generated/project/includes";
				INFOPLIST_FILE = "TestFacebookCXX/TestFacebookCXX-Info.plist";
				LIBRARY_SEARCH_PATHS = (
					"$(inherited)",
					"\"$(SRCROOT)/../cxx/generated/project/lib/fat\"",
				);
				PRODUCT_NAME = "$(TARGET_NAME)";
				WRAPPER_EXTENSION = app;
			};
			name = Debug;
		};
		F7E4480317A1BE910029E8BC /* Release */ = {
			isa = XCBuildConfiguration;
			buildSettings = {
				FRAMEWORK_SEARCH_PATHS = (
					"$(inherited)",
					"\"$(SRCROOT)/../objc/facebook-ios-sdk\"",
					"\"$(SRCROOT)/../../../../../generator/platform/ios/resources/CXXConverter/build/Debug-iphoneos\"",
				);
				GCC_PRECOMPILE_PREFIX_HEADER = YES;
				GCC_PREFIX_HEADER = "TestFacebookCXX/TestFacebookCXX-Prefix.pch";
				HEADER_SEARCH_PATHS = "$(SRCROOT)/../cxx/generated/project/includes";
				INFOPLIST_FILE = "TestFacebookCXX/TestFacebookCXX-Info.plist";
				LIBRARY_SEARCH_PATHS = (
					"$(inherited)",
					"\"$(SRCROOT)/../cxx/generated/project/lib/fat\"",
				);
				PRODUCT_NAME = "$(TARGET_NAME)";
				WRAPPER_EXTENSION = app;
			};
			name = Release;
		};
/* End XCBuildConfiguration section */

/* Begin XCConfigurationList section */
		F7E447D917A1BE910029E8BC /* Build configuration list for PBXProject "TestFacebookCXX" */ = {
			isa = XCConfigurationList;
			buildConfigurations = (
				F7E447FF17A1BE910029E8BC /* Debug */,
				F7E4480017A1BE910029E8BC /* Release */,
			);
			defaultConfigurationIsVisible = 0;
			defaultConfigurationName = Release;
		};
		F7E4480117A1BE910029E8BC /* Build configuration list for PBXNativeTarget "TestFacebookCXX" */ = {
			isa = XCConfigurationList;
			buildConfigurations = (
				F7E4480217A1BE910029E8BC /* Debug */,
				F7E4480317A1BE910029E8BC /* Release */,
			);
			defaultConfigurationIsVisible = 0;
			defaultConfigurationName = Release;
		};
/* End XCConfigurationList section */
	};
	rootObject = F7E447D617A1BE910029E8BC /* Project object */;
}
