// !$*UTF8*$!
{
	archiveVersion = 1;
	classes = {
	};
	objectVersion = 46;
	objects = {

/* Begin PBXBuildFile section */
		F71E110717A1C4E50045EBC5 /* FacebookSDK.framework in Frameworks */ = {isa = PBXBuildFile; fileRef = F71E110617A1C4E50045EBC5 /* FacebookSDK.framework */; };
		F71E114317A1D80E0045EBC5 /* CXXConverter.framework in Frameworks */ = {isa = PBXBuildFile; fileRef = F71E114217A1D80E0045EBC5 /* CXXConverter.framework */; };
		F71E114517A1D8170045EBC5 /* Accounts.framework in Frameworks */ = {isa = PBXBuildFile; fileRef = F71E114417A1D8170045EBC5 /* Accounts.framework */; };
		F71E114717A1D81E0045EBC5 /* Social.framework in Frameworks */ = {isa = PBXBuildFile; fileRef = F71E114617A1D81E0045EBC5 /* Social.framework */; };
		F71E114917A1D8210045EBC5 /* AdSupport.framework in Frameworks */ = {isa = PBXBuildFile; fileRef = F71E114817A1D8210045EBC5 /* AdSupport.framework */; };
		F71E114B17A1D82E0045EBC5 /* libsqlite3.dylib in Frameworks */ = {isa = PBXBuildFile; fileRef = F71E114A17A1D82E0045EBC5 /* libsqlite3.dylib */; };
		F7975C7517A84FBF00EF0F1C /* FBGraphLocationConformerCxx.mm in Sources */ = {isa = PBXBuildFile; fileRef = F7975C4F17A84FBF00EF0F1C /* FBGraphLocationConformerCxx.mm */; };
		F7975C7617A84FBF00EF0F1C /* FBGraphObjectConformerCxx.mm in Sources */ = {isa = PBXBuildFile; fileRef = F7975C5017A84FBF00EF0F1C /* FBGraphObjectConformerCxx.mm */; };
		F7975C7717A84FBF00EF0F1C /* FBGraphPlaceConformerCxx.mm in Sources */ = {isa = PBXBuildFile; fileRef = F7975C5117A84FBF00EF0F1C /* FBGraphPlaceConformerCxx.mm */; };
		F7975C7817A84FBF00EF0F1C /* FBGraphUserConformerCxx.mm in Sources */ = {isa = PBXBuildFile; fileRef = F7975C5217A84FBF00EF0F1C /* FBGraphUserConformerCxx.mm */; };
		F7975C7917A84FBF00EF0F1C /* FBLoginViewDelegateConformerCxx.mm in Sources */ = {isa = PBXBuildFile; fileRef = F7975C5317A84FBF00EF0F1C /* FBLoginViewDelegateConformerCxx.mm */; };
		F7975C7A17A84FBF00EF0F1C /* FBOpenGraphActionConformerCxx.mm in Sources */ = {isa = PBXBuildFile; fileRef = F7975C5417A84FBF00EF0F1C /* FBOpenGraphActionConformerCxx.mm */; };
		F7975C7B17A84FBF00EF0F1C /* FBOpenGraphObjectConformerCxx.mm in Sources */ = {isa = PBXBuildFile; fileRef = F7975C5517A84FBF00EF0F1C /* FBOpenGraphObjectConformerCxx.mm */; };
		F7975C7C17A84FBF00EF0F1C /* FBViewControllerDelegateConformerCxx.mm in Sources */ = {isa = PBXBuildFile; fileRef = F7975C5617A84FBF00EF0F1C /* FBViewControllerDelegateConformerCxx.mm */; };
		F7975C7D17A84FBF00EF0F1C /* FBWebDialogsDelegateConformerCxx.mm in Sources */ = {isa = PBXBuildFile; fileRef = F7975C5717A84FBF00EF0F1C /* FBWebDialogsDelegateConformerCxx.mm */; };
		F7975C7E17A84FBF00EF0F1C /* FBGraphLocationConformer.mm in Sources */ = {isa = PBXBuildFile; fileRef = F7975C6417A84FBF00EF0F1C /* FBGraphLocationConformer.mm */; };
		F7975C7F17A84FBF00EF0F1C /* FBGraphObjectConformer.mm in Sources */ = {isa = PBXBuildFile; fileRef = F7975C6617A84FBF00EF0F1C /* FBGraphObjectConformer.mm */; };
		F7975C8017A84FBF00EF0F1C /* FBGraphPlaceConformer.mm in Sources */ = {isa = PBXBuildFile; fileRef = F7975C6817A84FBF00EF0F1C /* FBGraphPlaceConformer.mm */; };
		F7975C8117A84FBF00EF0F1C /* FBGraphUserConformer.mm in Sources */ = {isa = PBXBuildFile; fileRef = F7975C6A17A84FBF00EF0F1C /* FBGraphUserConformer.mm */; };
		F7975C8217A84FBF00EF0F1C /* FBLoginViewDelegateConformer.mm in Sources */ = {isa = PBXBuildFile; fileRef = F7975C6C17A84FBF00EF0F1C /* FBLoginViewDelegateConformer.mm */; };
		F7975C8317A84FBF00EF0F1C /* FBOpenGraphActionConformer.mm in Sources */ = {isa = PBXBuildFile; fileRef = F7975C6E17A84FBF00EF0F1C /* FBOpenGraphActionConformer.mm */; };
		F7975C8417A84FBF00EF0F1C /* FBOpenGraphObjectConformer.mm in Sources */ = {isa = PBXBuildFile; fileRef = F7975C7017A84FBF00EF0F1C /* FBOpenGraphObjectConformer.mm */; };
		F7975C8517A84FBF00EF0F1C /* FBViewControllerDelegateConformer.mm in Sources */ = {isa = PBXBuildFile; fileRef = F7975C7217A84FBF00EF0F1C /* FBViewControllerDelegateConformer.mm */; };
		F7975C8617A84FBF00EF0F1C /* FBWebDialogsDelegateConformer.mm in Sources */ = {isa = PBXBuildFile; fileRef = F7975C7417A84FBF00EF0F1C /* FBWebDialogsDelegateConformer.mm */; };
		F7975CE417A84FD700EF0F1C /* FacebookCXXConverter.mm in Sources */ = {isa = PBXBuildFile; fileRef = F7975C8917A84FD700EF0F1C /* FacebookCXXConverter.mm */; };
		F7975CE517A84FD700EF0F1C /* FBAccessTokenDataCxx.mm in Sources */ = {isa = PBXBuildFile; fileRef = F7975C8A17A84FD700EF0F1C /* FBAccessTokenDataCxx.mm */; };
		F7975CE617A84FD700EF0F1C /* FBAppCallCxx.mm in Sources */ = {isa = PBXBuildFile; fileRef = F7975C8B17A84FD700EF0F1C /* FBAppCallCxx.mm */; };
		F7975CE717A84FD700EF0F1C /* FBAppEventsCxx.mm in Sources */ = {isa = PBXBuildFile; fileRef = F7975C8C17A84FD700EF0F1C /* FBAppEventsCxx.mm */; };
		F7975CE817A84FD700EF0F1C /* FBAppLinkDataCxx.mm in Sources */ = {isa = PBXBuildFile; fileRef = F7975C8D17A84FD700EF0F1C /* FBAppLinkDataCxx.mm */; };
		F7975CE917A84FD700EF0F1C /* FBCacheDescriptorCxx.mm in Sources */ = {isa = PBXBuildFile; fileRef = F7975C8E17A84FD700EF0F1C /* FBCacheDescriptorCxx.mm */; };
		F7975CEA17A84FD700EF0F1C /* FBDialogsCxx.mm in Sources */ = {isa = PBXBuildFile; fileRef = F7975C8F17A84FD700EF0F1C /* FBDialogsCxx.mm */; };
		F7975CEB17A84FD700EF0F1C /* FBDialogsDataCxx.mm in Sources */ = {isa = PBXBuildFile; fileRef = F7975C9017A84FD700EF0F1C /* FBDialogsDataCxx.mm */; };
		F7975CEC17A84FD700EF0F1C /* FBDialogsParamsCxx.mm in Sources */ = {isa = PBXBuildFile; fileRef = F7975C9117A84FD700EF0F1C /* FBDialogsParamsCxx.mm */; };
		F7975CEE17A84FD700EF0F1C /* FBFrictionlessRecipientCacheCxx.mm in Sources */ = {isa = PBXBuildFile; fileRef = F7975C9317A84FD700EF0F1C /* FBFrictionlessRecipientCacheCxx.mm */; };
		F7975CEF17A84FD700EF0F1C /* FBFriendPickerViewControllerCxx.mm in Sources */ = {isa = PBXBuildFile; fileRef = F7975C9417A84FD700EF0F1C /* FBFriendPickerViewControllerCxx.mm */; };
		F7975CF017A84FD700EF0F1C /* FBGraphLocationProtocolCxx.mm in Sources */ = {isa = PBXBuildFile; fileRef = F7975C9517A84FD700EF0F1C /* FBGraphLocationProtocolCxx.mm */; };
		F7975CF117A84FD700EF0F1C /* FBGraphObjectCxx.mm in Sources */ = {isa = PBXBuildFile; fileRef = F7975C9617A84FD700EF0F1C /* FBGraphObjectCxx.mm */; };
		F7975CF217A84FD700EF0F1C /* FBGraphObjectProtocolCxx.mm in Sources */ = {isa = PBXBuildFile; fileRef = F7975C9717A84FD700EF0F1C /* FBGraphObjectProtocolCxx.mm */; };
		F7975CF317A84FD700EF0F1C /* FBGraphPlaceProtocolCxx.mm in Sources */ = {isa = PBXBuildFile; fileRef = F7975C9817A84FD700EF0F1C /* FBGraphPlaceProtocolCxx.mm */; };
		F7975CF417A84FD700EF0F1C /* FBGraphUserProtocolCxx.mm in Sources */ = {isa = PBXBuildFile; fileRef = F7975C9917A84FD700EF0F1C /* FBGraphUserProtocolCxx.mm */; };
		F7975CF517A84FD700EF0F1C /* FBInsightsCxx.mm in Sources */ = {isa = PBXBuildFile; fileRef = F7975C9A17A84FD700EF0F1C /* FBInsightsCxx.mm */; };
		F7975CF617A84FD700EF0F1C /* FBLoginViewCxx.mm in Sources */ = {isa = PBXBuildFile; fileRef = F7975C9B17A84FD700EF0F1C /* FBLoginViewCxx.mm */; };
		F7975CF717A84FD700EF0F1C /* FBLoginViewDelegateProtocolCxx.mm in Sources */ = {isa = PBXBuildFile; fileRef = F7975C9C17A84FD700EF0F1C /* FBLoginViewDelegateProtocolCxx.mm */; };
		F7975CF817A84FD700EF0F1C /* FBNativeDialogsCxx.mm in Sources */ = {isa = PBXBuildFile; fileRef = F7975C9D17A84FD700EF0F1C /* FBNativeDialogsCxx.mm */; };
		F7975CF917A84FD700EF0F1C /* FBOpenGraphActionProtocolCxx.mm in Sources */ = {isa = PBXBuildFile; fileRef = F7975C9E17A84FD700EF0F1C /* FBOpenGraphActionProtocolCxx.mm */; };
		F7975CFA17A84FD700EF0F1C /* FBOpenGraphActionShareDialogParamsCxx.mm in Sources */ = {isa = PBXBuildFile; fileRef = F7975C9F17A84FD700EF0F1C /* FBOpenGraphActionShareDialogParamsCxx.mm */; };
		F7975CFB17A84FD700EF0F1C /* FBOpenGraphObjectProtocolCxx.mm in Sources */ = {isa = PBXBuildFile; fileRef = F7975CA017A84FD700EF0F1C /* FBOpenGraphObjectProtocolCxx.mm */; };
		F7975CFC17A84FD700EF0F1C /* FBPlacePickerViewControllerCxx.mm in Sources */ = {isa = PBXBuildFile; fileRef = F7975CA117A84FD700EF0F1C /* FBPlacePickerViewControllerCxx.mm */; };
		F7975CFD17A84FD700EF0F1C /* FBProfilePictureViewCxx.mm in Sources */ = {isa = PBXBuildFile; fileRef = F7975CA217A84FD700EF0F1C /* FBProfilePictureViewCxx.mm */; };
		F7975CFE17A84FD700EF0F1C /* FBRequestConnectionCxx.mm in Sources */ = {isa = PBXBuildFile; fileRef = F7975CA317A84FD700EF0F1C /* FBRequestConnectionCxx.mm */; };
		F7975CFF17A84FD700EF0F1C /* FBRequestCxx.mm in Sources */ = {isa = PBXBuildFile; fileRef = F7975CA417A84FD700EF0F1C /* FBRequestCxx.mm */; };
		F7975D0017A84FD700EF0F1C /* FBSessionCxx.mm in Sources */ = {isa = PBXBuildFile; fileRef = F7975CA517A84FD700EF0F1C /* FBSessionCxx.mm */; };
		F7975D0117A84FD700EF0F1C /* FBSessionTokenCachingStrategyCxx.mm in Sources */ = {isa = PBXBuildFile; fileRef = F7975CA617A84FD700EF0F1C /* FBSessionTokenCachingStrategyCxx.mm */; };
		F7975D0217A84FD700EF0F1C /* FBSettingsCxx.mm in Sources */ = {isa = PBXBuildFile; fileRef = F7975CA717A84FD700EF0F1C /* FBSettingsCxx.mm */; };
		F7975D0317A84FD700EF0F1C /* FBShareDialogParamsCxx.mm in Sources */ = {isa = PBXBuildFile; fileRef = F7975CA817A84FD700EF0F1C /* FBShareDialogParamsCxx.mm */; };
		F7975D0417A84FD700EF0F1C /* FBTestSessionCxx.mm in Sources */ = {isa = PBXBuildFile; fileRef = F7975CA917A84FD700EF0F1C /* FBTestSessionCxx.mm */; };
		F7975D0517A84FD700EF0F1C /* FBUserSettingsViewControllerCxx.mm in Sources */ = {isa = PBXBuildFile; fileRef = F7975CAA17A84FD700EF0F1C /* FBUserSettingsViewControllerCxx.mm */; };
		F7975D0617A84FD700EF0F1C /* FBViewControllerCxx.mm in Sources */ = {isa = PBXBuildFile; fileRef = F7975CAB17A84FD700EF0F1C /* FBViewControllerCxx.mm */; };
		F7975D0717A84FD700EF0F1C /* FBViewControllerDelegateProtocolCxx.mm in Sources */ = {isa = PBXBuildFile; fileRef = F7975CAC17A84FD700EF0F1C /* FBViewControllerDelegateProtocolCxx.mm */; };
		F7975D0817A84FD700EF0F1C /* FBWebDialogsCxx.mm in Sources */ = {isa = PBXBuildFile; fileRef = F7975CAD17A84FD700EF0F1C /* FBWebDialogsCxx.mm */; };
		F7975D0917A84FD700EF0F1C /* FBWebDialogsDelegateProtocolCxx.mm in Sources */ = {isa = PBXBuildFile; fileRef = F7975CAE17A84FD700EF0F1C /* FBWebDialogsDelegateProtocolCxx.mm */; };
		F7E447E217A1BE910029E8BC /* UIKit.framework in Frameworks */ = {isa = PBXBuildFile; fileRef = F7E447E117A1BE910029E8BC /* UIKit.framework */; };
		F7E447E417A1BE910029E8BC /* Foundation.framework in Frameworks */ = {isa = PBXBuildFile; fileRef = F7E447E317A1BE910029E8BC /* Foundation.framework */; };
		F7E447E617A1BE910029E8BC /* CoreGraphics.framework in Frameworks */ = {isa = PBXBuildFile; fileRef = F7E447E517A1BE910029E8BC /* CoreGraphics.framework */; };
		F7E447EC17A1BE910029E8BC /* InfoPlist.strings in Resources */ = {isa = PBXBuildFile; fileRef = F7E447EA17A1BE910029E8BC /* InfoPlist.strings */; };
		F7E447EE17A1BE910029E8BC /* main.m in Sources */ = {isa = PBXBuildFile; fileRef = F7E447ED17A1BE910029E8BC /* main.m */; };
		F7E447F217A1BE910029E8BC /* AppDelegate.mm in Sources */ = {isa = PBXBuildFile; fileRef = F7E447F117A1BE910029E8BC /* AppDelegate.mm */; };
		F7E447F417A1BE910029E8BC /* Default.png in Resources */ = {isa = PBXBuildFile; fileRef = F7E447F317A1BE910029E8BC /* Default.png */; };
		F7E447F617A1BE910029E8BC /* Default@2x.png in Resources */ = {isa = PBXBuildFile; fileRef = F7E447F517A1BE910029E8BC /* Default@2x.png */; };
		F7E447F817A1BE910029E8BC /* Default-568h@2x.png in Resources */ = {isa = PBXBuildFile; fileRef = F7E447F717A1BE910029E8BC /* Default-568h@2x.png */; };
		F7E447FB17A1BE910029E8BC /* ViewController.mm in Sources */ = {isa = PBXBuildFile; fileRef = F7E447FA17A1BE910029E8BC /* ViewController.mm */; };
		F7E447FE17A1BE910029E8BC /* ViewController.xib in Resources */ = {isa = PBXBuildFile; fileRef = F7E447FC17A1BE910029E8BC /* ViewController.xib */; };
/* End PBXBuildFile section */

/* Begin PBXFileReference section */
		F71E110617A1C4E50045EBC5 /* FacebookSDK.framework */ = {isa = PBXFileReference; lastKnownFileType = wrapper.framework; name = FacebookSDK.framework; path = "../objc/facebook-ios-sdk/FacebookSDK.framework"; sourceTree = "<group>"; };
		F71E114217A1D80E0045EBC5 /* CXXConverter.framework */ = {isa = PBXFileReference; lastKnownFileType = wrapper.framework; name = CXXConverter.framework; path = "../../../../../generator/platform/ios/resources/CXXConverter/build/Debug-iphoneos/CXXConverter.framework"; sourceTree = "<group>"; };
		F71E114417A1D8170045EBC5 /* Accounts.framework */ = {isa = PBXFileReference; lastKnownFileType = wrapper.framework; name = Accounts.framework; path = System/Library/Frameworks/Accounts.framework; sourceTree = SDKROOT; };
		F71E114617A1D81E0045EBC5 /* Social.framework */ = {isa = PBXFileReference; lastKnownFileType = wrapper.framework; name = Social.framework; path = System/Library/Frameworks/Social.framework; sourceTree = SDKROOT; };
		F71E114817A1D8210045EBC5 /* AdSupport.framework */ = {isa = PBXFileReference; lastKnownFileType = wrapper.framework; name = AdSupport.framework; path = System/Library/Frameworks/AdSupport.framework; sourceTree = SDKROOT; };
		F71E114A17A1D82E0045EBC5 /* libsqlite3.dylib */ = {isa = PBXFileReference; lastKnownFileType = "compiled.mach-o.dylib"; name = libsqlite3.dylib; path = usr/lib/libsqlite3.dylib; sourceTree = SDKROOT; };
		F7975C4F17A84FBF00EF0F1C /* FBGraphLocationConformerCxx.mm */ = {isa = PBXFileReference; fileEncoding = 4; lastKnownFileType = sourcecode.cpp.objcpp; path = FBGraphLocationConformerCxx.mm; sourceTree = "<group>"; };
		F7975C5017A84FBF00EF0F1C /* FBGraphObjectConformerCxx.mm */ = {isa = PBXFileReference; fileEncoding = 4; lastKnownFileType = sourcecode.cpp.objcpp; path = FBGraphObjectConformerCxx.mm; sourceTree = "<group>"; };
		F7975C5117A84FBF00EF0F1C /* FBGraphPlaceConformerCxx.mm */ = {isa = PBXFileReference; fileEncoding = 4; lastKnownFileType = sourcecode.cpp.objcpp; path = FBGraphPlaceConformerCxx.mm; sourceTree = "<group>"; };
		F7975C5217A84FBF00EF0F1C /* FBGraphUserConformerCxx.mm */ = {isa = PBXFileReference; fileEncoding = 4; lastKnownFileType = sourcecode.cpp.objcpp; path = FBGraphUserConformerCxx.mm; sourceTree = "<group>"; };
		F7975C5317A84FBF00EF0F1C /* FBLoginViewDelegateConformerCxx.mm */ = {isa = PBXFileReference; fileEncoding = 4; lastKnownFileType = sourcecode.cpp.objcpp; path = FBLoginViewDelegateConformerCxx.mm; sourceTree = "<group>"; };
		F7975C5417A84FBF00EF0F1C /* FBOpenGraphActionConformerCxx.mm */ = {isa = PBXFileReference; fileEncoding = 4; lastKnownFileType = sourcecode.cpp.objcpp; path = FBOpenGraphActionConformerCxx.mm; sourceTree = "<group>"; };
		F7975C5517A84FBF00EF0F1C /* FBOpenGraphObjectConformerCxx.mm */ = {isa = PBXFileReference; fileEncoding = 4; lastKnownFileType = sourcecode.cpp.objcpp; path = FBOpenGraphObjectConformerCxx.mm; sourceTree = "<group>"; };
		F7975C5617A84FBF00EF0F1C /* FBViewControllerDelegateConformerCxx.mm */ = {isa = PBXFileReference; fileEncoding = 4; lastKnownFileType = sourcecode.cpp.objcpp; path = FBViewControllerDelegateConformerCxx.mm; sourceTree = "<group>"; };
		F7975C5717A84FBF00EF0F1C /* FBWebDialogsDelegateConformerCxx.mm */ = {isa = PBXFileReference; fileEncoding = 4; lastKnownFileType = sourcecode.cpp.objcpp; path = FBWebDialogsDelegateConformerCxx.mm; sourceTree = "<group>"; };
		F7975C5917A84FBF00EF0F1C /* FBGraphLocationConformerCxx.hpp */ = {isa = PBXFileReference; fileEncoding = 4; lastKnownFileType = sourcecode.cpp.h; path = FBGraphLocationConformerCxx.hpp; sourceTree = "<group>"; };
		F7975C5A17A84FBF00EF0F1C /* FBGraphObjectConformerCxx.hpp */ = {isa = PBXFileReference; fileEncoding = 4; lastKnownFileType = sourcecode.cpp.h; path = FBGraphObjectConformerCxx.hpp; sourceTree = "<group>"; };
		F7975C5B17A84FBF00EF0F1C /* FBGraphPlaceConformerCxx.hpp */ = {isa = PBXFileReference; fileEncoding = 4; lastKnownFileType = sourcecode.cpp.h; path = FBGraphPlaceConformerCxx.hpp; sourceTree = "<group>"; };
		F7975C5C17A84FBF00EF0F1C /* FBGraphUserConformerCxx.hpp */ = {isa = PBXFileReference; fileEncoding = 4; lastKnownFileType = sourcecode.cpp.h; path = FBGraphUserConformerCxx.hpp; sourceTree = "<group>"; };
		F7975C5D17A84FBF00EF0F1C /* FBLoginViewDelegateConformerCxx.hpp */ = {isa = PBXFileReference; fileEncoding = 4; lastKnownFileType = sourcecode.cpp.h; path = FBLoginViewDelegateConformerCxx.hpp; sourceTree = "<group>"; };
		F7975C5E17A84FBF00EF0F1C /* FBOpenGraphActionConformerCxx.hpp */ = {isa = PBXFileReference; fileEncoding = 4; lastKnownFileType = sourcecode.cpp.h; path = FBOpenGraphActionConformerCxx.hpp; sourceTree = "<group>"; };
		F7975C5F17A84FBF00EF0F1C /* FBOpenGraphObjectConformerCxx.hpp */ = {isa = PBXFileReference; fileEncoding = 4; lastKnownFileType = sourcecode.cpp.h; path = FBOpenGraphObjectConformerCxx.hpp; sourceTree = "<group>"; };
		F7975C6017A84FBF00EF0F1C /* FBViewControllerDelegateConformerCxx.hpp */ = {isa = PBXFileReference; fileEncoding = 4; lastKnownFileType = sourcecode.cpp.h; path = FBViewControllerDelegateConformerCxx.hpp; sourceTree = "<group>"; };
		F7975C6117A84FBF00EF0F1C /* FBWebDialogsDelegateConformerCxx.hpp */ = {isa = PBXFileReference; fileEncoding = 4; lastKnownFileType = sourcecode.cpp.h; path = FBWebDialogsDelegateConformerCxx.hpp; sourceTree = "<group>"; };
		F7975C6317A84FBF00EF0F1C /* FBGraphLocationConformer.h */ = {isa = PBXFileReference; fileEncoding = 4; lastKnownFileType = sourcecode.c.h; path = FBGraphLocationConformer.h; sourceTree = "<group>"; };
		F7975C6417A84FBF00EF0F1C /* FBGraphLocationConformer.mm */ = {isa = PBXFileReference; fileEncoding = 4; lastKnownFileType = sourcecode.cpp.objcpp; path = FBGraphLocationConformer.mm; sourceTree = "<group>"; };
		F7975C6517A84FBF00EF0F1C /* FBGraphObjectConformer.h */ = {isa = PBXFileReference; fileEncoding = 4; lastKnownFileType = sourcecode.c.h; path = FBGraphObjectConformer.h; sourceTree = "<group>"; };
		F7975C6617A84FBF00EF0F1C /* FBGraphObjectConformer.mm */ = {isa = PBXFileReference; fileEncoding = 4; lastKnownFileType = sourcecode.cpp.objcpp; path = FBGraphObjectConformer.mm; sourceTree = "<group>"; };
		F7975C6717A84FBF00EF0F1C /* FBGraphPlaceConformer.h */ = {isa = PBXFileReference; fileEncoding = 4; lastKnownFileType = sourcecode.c.h; path = FBGraphPlaceConformer.h; sourceTree = "<group>"; };
		F7975C6817A84FBF00EF0F1C /* FBGraphPlaceConformer.mm */ = {isa = PBXFileReference; fileEncoding = 4; lastKnownFileType = sourcecode.cpp.objcpp; path = FBGraphPlaceConformer.mm; sourceTree = "<group>"; };
		F7975C6917A84FBF00EF0F1C /* FBGraphUserConformer.h */ = {isa = PBXFileReference; fileEncoding = 4; lastKnownFileType = sourcecode.c.h; path = FBGraphUserConformer.h; sourceTree = "<group>"; };
		F7975C6A17A84FBF00EF0F1C /* FBGraphUserConformer.mm */ = {isa = PBXFileReference; fileEncoding = 4; lastKnownFileType = sourcecode.cpp.objcpp; path = FBGraphUserConformer.mm; sourceTree = "<group>"; };
		F7975C6B17A84FBF00EF0F1C /* FBLoginViewDelegateConformer.h */ = {isa = PBXFileReference; fileEncoding = 4; lastKnownFileType = sourcecode.c.h; path = FBLoginViewDelegateConformer.h; sourceTree = "<group>"; };
		F7975C6C17A84FBF00EF0F1C /* FBLoginViewDelegateConformer.mm */ = {isa = PBXFileReference; fileEncoding = 4; lastKnownFileType = sourcecode.cpp.objcpp; path = FBLoginViewDelegateConformer.mm; sourceTree = "<group>"; };
		F7975C6D17A84FBF00EF0F1C /* FBOpenGraphActionConformer.h */ = {isa = PBXFileReference; fileEncoding = 4; lastKnownFileType = sourcecode.c.h; path = FBOpenGraphActionConformer.h; sourceTree = "<group>"; };
		F7975C6E17A84FBF00EF0F1C /* FBOpenGraphActionConformer.mm */ = {isa = PBXFileReference; fileEncoding = 4; lastKnownFileType = sourcecode.cpp.objcpp; path = FBOpenGraphActionConformer.mm; sourceTree = "<group>"; };
		F7975C6F17A84FBF00EF0F1C /* FBOpenGraphObjectConformer.h */ = {isa = PBXFileReference; fileEncoding = 4; lastKnownFileType = sourcecode.c.h; path = FBOpenGraphObjectConformer.h; sourceTree = "<group>"; };
		F7975C7017A84FBF00EF0F1C /* FBOpenGraphObjectConformer.mm */ = {isa = PBXFileReference; fileEncoding = 4; lastKnownFileType = sourcecode.cpp.objcpp; path = FBOpenGraphObjectConformer.mm; sourceTree = "<group>"; };
		F7975C7117A84FBF00EF0F1C /* FBViewControllerDelegateConformer.h */ = {isa = PBXFileReference; fileEncoding = 4; lastKnownFileType = sourcecode.c.h; path = FBViewControllerDelegateConformer.h; sourceTree = "<group>"; };
		F7975C7217A84FBF00EF0F1C /* FBViewControllerDelegateConformer.mm */ = {isa = PBXFileReference; fileEncoding = 4; lastKnownFileType = sourcecode.cpp.objcpp; path = FBViewControllerDelegateConformer.mm; sourceTree = "<group>"; };
		F7975C7317A84FBF00EF0F1C /* FBWebDialogsDelegateConformer.h */ = {isa = PBXFileReference; fileEncoding = 4; lastKnownFileType = sourcecode.c.h; path = FBWebDialogsDelegateConformer.h; sourceTree = "<group>"; };
		F7975C7417A84FBF00EF0F1C /* FBWebDialogsDelegateConformer.mm */ = {isa = PBXFileReference; fileEncoding = 4; lastKnownFileType = sourcecode.cpp.objcpp; path = FBWebDialogsDelegateConformer.mm; sourceTree = "<group>"; };
		F7975C8917A84FD700EF0F1C /* FacebookCXXConverter.mm */ = {isa = PBXFileReference; fileEncoding = 4; lastKnownFileType = sourcecode.cpp.objcpp; path = FacebookCXXConverter.mm; sourceTree = "<group>"; };
		F7975C8A17A84FD700EF0F1C /* FBAccessTokenDataCxx.mm */ = {isa = PBXFileReference; fileEncoding = 4; lastKnownFileType = sourcecode.cpp.objcpp; path = FBAccessTokenDataCxx.mm; sourceTree = "<group>"; };
		F7975C8B17A84FD700EF0F1C /* FBAppCallCxx.mm */ = {isa = PBXFileReference; fileEncoding = 4; lastKnownFileType = sourcecode.cpp.objcpp; path = FBAppCallCxx.mm; sourceTree = "<group>"; };
		F7975C8C17A84FD700EF0F1C /* FBAppEventsCxx.mm */ = {isa = PBXFileReference; fileEncoding = 4; lastKnownFileType = sourcecode.cpp.objcpp; path = FBAppEventsCxx.mm; sourceTree = "<group>"; };
		F7975C8D17A84FD700EF0F1C /* FBAppLinkDataCxx.mm */ = {isa = PBXFileReference; fileEncoding = 4; lastKnownFileType = sourcecode.cpp.objcpp; path = FBAppLinkDataCxx.mm; sourceTree = "<group>"; };
		F7975C8E17A84FD700EF0F1C /* FBCacheDescriptorCxx.mm */ = {isa = PBXFileReference; fileEncoding = 4; lastKnownFileType = sourcecode.cpp.objcpp; path = FBCacheDescriptorCxx.mm; sourceTree = "<group>"; };
		F7975C8F17A84FD700EF0F1C /* FBDialogsCxx.mm */ = {isa = PBXFileReference; fileEncoding = 4; lastKnownFileType = sourcecode.cpp.objcpp; path = FBDialogsCxx.mm; sourceTree = "<group>"; };
		F7975C9017A84FD700EF0F1C /* FBDialogsDataCxx.mm */ = {isa = PBXFileReference; fileEncoding = 4; lastKnownFileType = sourcecode.cpp.objcpp; path = FBDialogsDataCxx.mm; sourceTree = "<group>"; };
		F7975C9117A84FD700EF0F1C /* FBDialogsParamsCxx.mm */ = {isa = PBXFileReference; fileEncoding = 4; lastKnownFileType = sourcecode.cpp.objcpp; path = FBDialogsParamsCxx.mm; sourceTree = "<group>"; };
		F7975C9217A84FD700EF0F1C /* FBErrorUtilityCxx.mm */ = {isa = PBXFileReference; fileEncoding = 4; lastKnownFileType = sourcecode.cpp.objcpp; path = FBErrorUtilityCxx.mm; sourceTree = "<group>"; };
		F7975C9317A84FD700EF0F1C /* FBFrictionlessRecipientCacheCxx.mm */ = {isa = PBXFileReference; fileEncoding = 4; lastKnownFileType = sourcecode.cpp.objcpp; path = FBFrictionlessRecipientCacheCxx.mm; sourceTree = "<group>"; };
		F7975C9417A84FD700EF0F1C /* FBFriendPickerViewControllerCxx.mm */ = {isa = PBXFileReference; fileEncoding = 4; lastKnownFileType = sourcecode.cpp.objcpp; path = FBFriendPickerViewControllerCxx.mm; sourceTree = "<group>"; };
		F7975C9517A84FD700EF0F1C /* FBGraphLocationProtocolCxx.mm */ = {isa = PBXFileReference; fileEncoding = 4; lastKnownFileType = sourcecode.cpp.objcpp; path = FBGraphLocationProtocolCxx.mm; sourceTree = "<group>"; };
		F7975C9617A84FD700EF0F1C /* FBGraphObjectCxx.mm */ = {isa = PBXFileReference; fileEncoding = 4; lastKnownFileType = sourcecode.cpp.objcpp; path = FBGraphObjectCxx.mm; sourceTree = "<group>"; };
		F7975C9717A84FD700EF0F1C /* FBGraphObjectProtocolCxx.mm */ = {isa = PBXFileReference; fileEncoding = 4; lastKnownFileType = sourcecode.cpp.objcpp; path = FBGraphObjectProtocolCxx.mm; sourceTree = "<group>"; };
		F7975C9817A84FD700EF0F1C /* FBGraphPlaceProtocolCxx.mm */ = {isa = PBXFileReference; fileEncoding = 4; lastKnownFileType = sourcecode.cpp.objcpp; path = FBGraphPlaceProtocolCxx.mm; sourceTree = "<group>"; };
		F7975C9917A84FD700EF0F1C /* FBGraphUserProtocolCxx.mm */ = {isa = PBXFileReference; fileEncoding = 4; lastKnownFileType = sourcecode.cpp.objcpp; path = FBGraphUserProtocolCxx.mm; sourceTree = "<group>"; };
		F7975C9A17A84FD700EF0F1C /* FBInsightsCxx.mm */ = {isa = PBXFileReference; fileEncoding = 4; lastKnownFileType = sourcecode.cpp.objcpp; path = FBInsightsCxx.mm; sourceTree = "<group>"; };
		F7975C9B17A84FD700EF0F1C /* FBLoginViewCxx.mm */ = {isa = PBXFileReference; fileEncoding = 4; lastKnownFileType = sourcecode.cpp.objcpp; path = FBLoginViewCxx.mm; sourceTree = "<group>"; };
		F7975C9C17A84FD700EF0F1C /* FBLoginViewDelegateProtocolCxx.mm */ = {isa = PBXFileReference; fileEncoding = 4; lastKnownFileType = sourcecode.cpp.objcpp; path = FBLoginViewDelegateProtocolCxx.mm; sourceTree = "<group>"; };
		F7975C9D17A84FD700EF0F1C /* FBNativeDialogsCxx.mm */ = {isa = PBXFileReference; fileEncoding = 4; lastKnownFileType = sourcecode.cpp.objcpp; path = FBNativeDialogsCxx.mm; sourceTree = "<group>"; };
		F7975C9E17A84FD700EF0F1C /* FBOpenGraphActionProtocolCxx.mm */ = {isa = PBXFileReference; fileEncoding = 4; lastKnownFileType = sourcecode.cpp.objcpp; path = FBOpenGraphActionProtocolCxx.mm; sourceTree = "<group>"; };
		F7975C9F17A84FD700EF0F1C /* FBOpenGraphActionShareDialogParamsCxx.mm */ = {isa = PBXFileReference; fileEncoding = 4; lastKnownFileType = sourcecode.cpp.objcpp; path = FBOpenGraphActionShareDialogParamsCxx.mm; sourceTree = "<group>"; };
		F7975CA017A84FD700EF0F1C /* FBOpenGraphObjectProtocolCxx.mm */ = {isa = PBXFileReference; fileEncoding = 4; lastKnownFileType = sourcecode.cpp.objcpp; path = FBOpenGraphObjectProtocolCxx.mm; sourceTree = "<group>"; };
		F7975CA117A84FD700EF0F1C /* FBPlacePickerViewControllerCxx.mm */ = {isa = PBXFileReference; fileEncoding = 4; lastKnownFileType = sourcecode.cpp.objcpp; path = FBPlacePickerViewControllerCxx.mm; sourceTree = "<group>"; };
		F7975CA217A84FD700EF0F1C /* FBProfilePictureViewCxx.mm */ = {isa = PBXFileReference; fileEncoding = 4; lastKnownFileType = sourcecode.cpp.objcpp; path = FBProfilePictureViewCxx.mm; sourceTree = "<group>"; };
		F7975CA317A84FD700EF0F1C /* FBRequestConnectionCxx.mm */ = {isa = PBXFileReference; fileEncoding = 4; lastKnownFileType = sourcecode.cpp.objcpp; path = FBRequestConnectionCxx.mm; sourceTree = "<group>"; };
		F7975CA417A84FD700EF0F1C /* FBRequestCxx.mm */ = {isa = PBXFileReference; fileEncoding = 4; lastKnownFileType = sourcecode.cpp.objcpp; path = FBRequestCxx.mm; sourceTree = "<group>"; };
		F7975CA517A84FD700EF0F1C /* FBSessionCxx.mm */ = {isa = PBXFileReference; fileEncoding = 4; lastKnownFileType = sourcecode.cpp.objcpp; path = FBSessionCxx.mm; sourceTree = "<group>"; };
		F7975CA617A84FD700EF0F1C /* FBSessionTokenCachingStrategyCxx.mm */ = {isa = PBXFileReference; fileEncoding = 4; lastKnownFileType = sourcecode.cpp.objcpp; path = FBSessionTokenCachingStrategyCxx.mm; sourceTree = "<group>"; };
		F7975CA717A84FD700EF0F1C /* FBSettingsCxx.mm */ = {isa = PBXFileReference; fileEncoding = 4; lastKnownFileType = sourcecode.cpp.objcpp; path = FBSettingsCxx.mm; sourceTree = "<group>"; };
		F7975CA817A84FD700EF0F1C /* FBShareDialogParamsCxx.mm */ = {isa = PBXFileReference; fileEncoding = 4; lastKnownFileType = sourcecode.cpp.objcpp; path = FBShareDialogParamsCxx.mm; sourceTree = "<group>"; };
		F7975CA917A84FD700EF0F1C /* FBTestSessionCxx.mm */ = {isa = PBXFileReference; fileEncoding = 4; lastKnownFileType = sourcecode.cpp.objcpp; path = FBTestSessionCxx.mm; sourceTree = "<group>"; };
		F7975CAA17A84FD700EF0F1C /* FBUserSettingsViewControllerCxx.mm */ = {isa = PBXFileReference; fileEncoding = 4; lastKnownFileType = sourcecode.cpp.objcpp; path = FBUserSettingsViewControllerCxx.mm; sourceTree = "<group>"; };
		F7975CAB17A84FD700EF0F1C /* FBViewControllerCxx.mm */ = {isa = PBXFileReference; fileEncoding = 4; lastKnownFileType = sourcecode.cpp.objcpp; path = FBViewControllerCxx.mm; sourceTree = "<group>"; };
		F7975CAC17A84FD700EF0F1C /* FBViewControllerDelegateProtocolCxx.mm */ = {isa = PBXFileReference; fileEncoding = 4; lastKnownFileType = sourcecode.cpp.objcpp; path = FBViewControllerDelegateProtocolCxx.mm; sourceTree = "<group>"; };
		F7975CAD17A84FD700EF0F1C /* FBWebDialogsCxx.mm */ = {isa = PBXFileReference; fileEncoding = 4; lastKnownFileType = sourcecode.cpp.objcpp; path = FBWebDialogsCxx.mm; sourceTree = "<group>"; };
		F7975CAE17A84FD700EF0F1C /* FBWebDialogsDelegateProtocolCxx.mm */ = {isa = PBXFileReference; fileEncoding = 4; lastKnownFileType = sourcecode.cpp.objcpp; path = FBWebDialogsDelegateProtocolCxx.mm; sourceTree = "<group>"; };
		F7975CB117A84FD700EF0F1C /* FacebookCXXConverter.hpp */ = {isa = PBXFileReference; fileEncoding = 4; lastKnownFileType = sourcecode.cpp.h; path = FacebookCXXConverter.hpp; sourceTree = "<group>"; };
		F7975CB217A84FD700EF0F1C /* FBAccessTokenDataCxx.hpp */ = {isa = PBXFileReference; fileEncoding = 4; lastKnownFileType = sourcecode.cpp.h; path = FBAccessTokenDataCxx.hpp; sourceTree = "<group>"; };
		F7975CB317A84FD700EF0F1C /* FBAppCallCxx.hpp */ = {isa = PBXFileReference; fileEncoding = 4; lastKnownFileType = sourcecode.cpp.h; path = FBAppCallCxx.hpp; sourceTree = "<group>"; };
		F7975CB417A84FD700EF0F1C /* FBAppEventsCxx.hpp */ = {isa = PBXFileReference; fileEncoding = 4; lastKnownFileType = sourcecode.cpp.h; path = FBAppEventsCxx.hpp; sourceTree = "<group>"; };
		F7975CB517A84FD700EF0F1C /* FBAppEventsFlushBehaviorCxx.hpp */ = {isa = PBXFileReference; fileEncoding = 4; lastKnownFileType = sourcecode.cpp.h; path = FBAppEventsFlushBehaviorCxx.hpp; sourceTree = "<group>"; };
		F7975CB617A84FD700EF0F1C /* FBAppLinkDataCxx.hpp */ = {isa = PBXFileReference; fileEncoding = 4; lastKnownFileType = sourcecode.cpp.h; path = FBAppLinkDataCxx.hpp; sourceTree = "<group>"; };
		F7975CB717A84FD700EF0F1C /* FBBetaFeaturesCxx.hpp */ = {isa = PBXFileReference; fileEncoding = 4; lastKnownFileType = sourcecode.cpp.h; path = FBBetaFeaturesCxx.hpp; sourceTree = "<group>"; };
		F7975CB817A84FD700EF0F1C /* FBCacheDescriptorCxx.hpp */ = {isa = PBXFileReference; fileEncoding = 4; lastKnownFileType = sourcecode.cpp.h; path = FBCacheDescriptorCxx.hpp; sourceTree = "<group>"; };
		F7975CB917A84FD700EF0F1C /* FBDialogsCxx.hpp */ = {isa = PBXFileReference; fileEncoding = 4; lastKnownFileType = sourcecode.cpp.h; path = FBDialogsCxx.hpp; sourceTree = "<group>"; };
		F7975CBA17A84FD700EF0F1C /* FBDialogsDataCxx.hpp */ = {isa = PBXFileReference; fileEncoding = 4; lastKnownFileType = sourcecode.cpp.h; path = FBDialogsDataCxx.hpp; sourceTree = "<group>"; };
		F7975CBB17A84FD700EF0F1C /* FBDialogsParamsCxx.hpp */ = {isa = PBXFileReference; fileEncoding = 4; lastKnownFileType = sourcecode.cpp.h; path = FBDialogsParamsCxx.hpp; sourceTree = "<group>"; };
		F7975CBC17A84FD700EF0F1C /* FBErrorUtilityCxx.hpp */ = {isa = PBXFileReference; fileEncoding = 4; lastKnownFileType = sourcecode.cpp.h; path = FBErrorUtilityCxx.hpp; sourceTree = "<group>"; };
		F7975CBD17A84FD700EF0F1C /* FBFrictionlessRecipientCacheCxx.hpp */ = {isa = PBXFileReference; fileEncoding = 4; lastKnownFileType = sourcecode.cpp.h; path = FBFrictionlessRecipientCacheCxx.hpp; sourceTree = "<group>"; };
		F7975CBE17A84FD700EF0F1C /* FBFriendDisplayOrderingCxx.hpp */ = {isa = PBXFileReference; fileEncoding = 4; lastKnownFileType = sourcecode.cpp.h; path = FBFriendDisplayOrderingCxx.hpp; sourceTree = "<group>"; };
		F7975CBF17A84FD700EF0F1C /* FBFriendPickerViewControllerCxx.hpp */ = {isa = PBXFileReference; fileEncoding = 4; lastKnownFileType = sourcecode.cpp.h; path = FBFriendPickerViewControllerCxx.hpp; sourceTree = "<group>"; };
		F7975CC017A84FD700EF0F1C /* FBFriendSortOrderingCxx.hpp */ = {isa = PBXFileReference; fileEncoding = 4; lastKnownFileType = sourcecode.cpp.h; path = FBFriendSortOrderingCxx.hpp; sourceTree = "<group>"; };
		F7975CC117A84FD700EF0F1C /* FBGraphLocationProtocolCxx.hpp */ = {isa = PBXFileReference; fileEncoding = 4; lastKnownFileType = sourcecode.cpp.h; path = FBGraphLocationProtocolCxx.hpp; sourceTree = "<group>"; };
		F7975CC217A84FD700EF0F1C /* FBGraphObjectCxx.hpp */ = {isa = PBXFileReference; fileEncoding = 4; lastKnownFileType = sourcecode.cpp.h; path = FBGraphObjectCxx.hpp; sourceTree = "<group>"; };
		F7975CC317A84FD700EF0F1C /* FBGraphObjectProtocolCxx.hpp */ = {isa = PBXFileReference; fileEncoding = 4; lastKnownFileType = sourcecode.cpp.h; path = FBGraphObjectProtocolCxx.hpp; sourceTree = "<group>"; };
		F7975CC417A84FD700EF0F1C /* FBGraphPlaceProtocolCxx.hpp */ = {isa = PBXFileReference; fileEncoding = 4; lastKnownFileType = sourcecode.cpp.h; path = FBGraphPlaceProtocolCxx.hpp; sourceTree = "<group>"; };
		F7975CC517A84FD700EF0F1C /* FBGraphUserProtocolCxx.hpp */ = {isa = PBXFileReference; fileEncoding = 4; lastKnownFileType = sourcecode.cpp.h; path = FBGraphUserProtocolCxx.hpp; sourceTree = "<group>"; };
		F7975CC617A84FD700EF0F1C /* FBInsightsCxx.hpp */ = {isa = PBXFileReference; fileEncoding = 4; lastKnownFileType = sourcecode.cpp.h; path = FBInsightsCxx.hpp; sourceTree = "<group>"; };
		F7975CC717A84FD700EF0F1C /* FBInsightsFlushBehaviorCxx.hpp */ = {isa = PBXFileReference; fileEncoding = 4; lastKnownFileType = sourcecode.cpp.h; path = FBInsightsFlushBehaviorCxx.hpp; sourceTree = "<group>"; };
		F7975CC817A84FD700EF0F1C /* FBLoginViewCxx.hpp */ = {isa = PBXFileReference; fileEncoding = 4; lastKnownFileType = sourcecode.cpp.h; path = FBLoginViewCxx.hpp; sourceTree = "<group>"; };
		F7975CC917A84FD700EF0F1C /* FBLoginViewDelegateProtocolCxx.hpp */ = {isa = PBXFileReference; fileEncoding = 4; lastKnownFileType = sourcecode.cpp.h; path = FBLoginViewDelegateProtocolCxx.hpp; sourceTree = "<group>"; };
		F7975CCA17A84FD700EF0F1C /* FBNativeDialogResultCxx.hpp */ = {isa = PBXFileReference; fileEncoding = 4; lastKnownFileType = sourcecode.cpp.h; path = FBNativeDialogResultCxx.hpp; sourceTree = "<group>"; };
		F7975CCB17A84FD700EF0F1C /* FBNativeDialogsCxx.hpp */ = {isa = PBXFileReference; fileEncoding = 4; lastKnownFileType = sourcecode.cpp.h; path = FBNativeDialogsCxx.hpp; sourceTree = "<group>"; };
		F7975CCC17A84FD700EF0F1C /* FBOpenGraphActionProtocolCxx.hpp */ = {isa = PBXFileReference; fileEncoding = 4; lastKnownFileType = sourcecode.cpp.h; path = FBOpenGraphActionProtocolCxx.hpp; sourceTree = "<group>"; };
		F7975CCD17A84FD700EF0F1C /* FBOpenGraphActionShareDialogParamsCxx.hpp */ = {isa = PBXFileReference; fileEncoding = 4; lastKnownFileType = sourcecode.cpp.h; path = FBOpenGraphActionShareDialogParamsCxx.hpp; sourceTree = "<group>"; };
		F7975CCE17A84FD700EF0F1C /* FBOpenGraphObjectProtocolCxx.hpp */ = {isa = PBXFileReference; fileEncoding = 4; lastKnownFileType = sourcecode.cpp.h; path = FBOpenGraphObjectProtocolCxx.hpp; sourceTree = "<group>"; };
		F7975CCF17A84FD700EF0F1C /* FBOSIntegratedShareDialogResultCxx.hpp */ = {isa = PBXFileReference; fileEncoding = 4; lastKnownFileType = sourcecode.cpp.h; path = FBOSIntegratedShareDialogResultCxx.hpp; sourceTree = "<group>"; };
		F7975CD017A84FD700EF0F1C /* FBPlacePickerViewControllerCxx.hpp */ = {isa = PBXFileReference; fileEncoding = 4; lastKnownFileType = sourcecode.cpp.h; path = FBPlacePickerViewControllerCxx.hpp; sourceTree = "<group>"; };
		F7975CD117A84FD700EF0F1C /* FBProfilePictureCroppingCxx.hpp */ = {isa = PBXFileReference; fileEncoding = 4; lastKnownFileType = sourcecode.cpp.h; path = FBProfilePictureCroppingCxx.hpp; sourceTree = "<group>"; };
		F7975CD217A84FD700EF0F1C /* FBProfilePictureViewCxx.hpp */ = {isa = PBXFileReference; fileEncoding = 4; lastKnownFileType = sourcecode.cpp.h; path = FBProfilePictureViewCxx.hpp; sourceTree = "<group>"; };
		F7975CD317A84FD700EF0F1C /* FBRequestConnectionCxx.hpp */ = {isa = PBXFileReference; fileEncoding = 4; lastKnownFileType = sourcecode.cpp.h; path = FBRequestConnectionCxx.hpp; sourceTree = "<group>"; };
		F7975CD417A84FD700EF0F1C /* FBRequestCxx.hpp */ = {isa = PBXFileReference; fileEncoding = 4; lastKnownFileType = sourcecode.cpp.h; path = FBRequestCxx.hpp; sourceTree = "<group>"; };
		F7975CD517A84FD700EF0F1C /* FBSessionCxx.hpp */ = {isa = PBXFileReference; fileEncoding = 4; lastKnownFileType = sourcecode.cpp.h; path = FBSessionCxx.hpp; sourceTree = "<group>"; };
		F7975CD617A84FD700EF0F1C /* FBSessionDefaultAudienceCxx.hpp */ = {isa = PBXFileReference; fileEncoding = 4; lastKnownFileType = sourcecode.cpp.h; path = FBSessionDefaultAudienceCxx.hpp; sourceTree = "<group>"; };
		F7975CD717A84FD700EF0F1C /* FBSessionLoginBehaviorCxx.hpp */ = {isa = PBXFileReference; fileEncoding = 4; lastKnownFileType = sourcecode.cpp.h; path = FBSessionLoginBehaviorCxx.hpp; sourceTree = "<group>"; };
		F7975CD817A84FD700EF0F1C /* FBSessionLoginTypeCxx.hpp */ = {isa = PBXFileReference; fileEncoding = 4; lastKnownFileType = sourcecode.cpp.h; path = FBSessionLoginTypeCxx.hpp; sourceTree = "<group>"; };
		F7975CD917A84FD700EF0F1C /* FBSessionStateCxx.hpp */ = {isa = PBXFileReference; fileEncoding = 4; lastKnownFileType = sourcecode.cpp.h; path = FBSessionStateCxx.hpp; sourceTree = "<group>"; };
		F7975CDA17A84FD700EF0F1C /* FBSessionTokenCachingStrategyCxx.hpp */ = {isa = PBXFileReference; fileEncoding = 4; lastKnownFileType = sourcecode.cpp.h; path = FBSessionTokenCachingStrategyCxx.hpp; sourceTree = "<group>"; };
		F7975CDB17A84FD700EF0F1C /* FBSettingsCxx.hpp */ = {isa = PBXFileReference; fileEncoding = 4; lastKnownFileType = sourcecode.cpp.h; path = FBSettingsCxx.hpp; sourceTree = "<group>"; };
		F7975CDC17A84FD700EF0F1C /* FBShareDialogParamsCxx.hpp */ = {isa = PBXFileReference; fileEncoding = 4; lastKnownFileType = sourcecode.cpp.h; path = FBShareDialogParamsCxx.hpp; sourceTree = "<group>"; };
		F7975CDD17A84FD700EF0F1C /* FBTestSessionCxx.hpp */ = {isa = PBXFileReference; fileEncoding = 4; lastKnownFileType = sourcecode.cpp.h; path = FBTestSessionCxx.hpp; sourceTree = "<group>"; };
		F7975CDE17A84FD700EF0F1C /* FBUserSettingsViewControllerCxx.hpp */ = {isa = PBXFileReference; fileEncoding = 4; lastKnownFileType = sourcecode.cpp.h; path = FBUserSettingsViewControllerCxx.hpp; sourceTree = "<group>"; };
		F7975CDF17A84FD700EF0F1C /* FBViewControllerCxx.hpp */ = {isa = PBXFileReference; fileEncoding = 4; lastKnownFileType = sourcecode.cpp.h; path = FBViewControllerCxx.hpp; sourceTree = "<group>"; };
		F7975CE017A84FD700EF0F1C /* FBViewControllerDelegateProtocolCxx.hpp */ = {isa = PBXFileReference; fileEncoding = 4; lastKnownFileType = sourcecode.cpp.h; path = FBViewControllerDelegateProtocolCxx.hpp; sourceTree = "<group>"; };
		F7975CE117A84FD700EF0F1C /* FBWebDialogResultCxx.hpp */ = {isa = PBXFileReference; fileEncoding = 4; lastKnownFileType = sourcecode.cpp.h; path = FBWebDialogResultCxx.hpp; sourceTree = "<group>"; };
		F7975CE217A84FD700EF0F1C /* FBWebDialogsCxx.hpp */ = {isa = PBXFileReference; fileEncoding = 4; lastKnownFileType = sourcecode.cpp.h; path = FBWebDialogsCxx.hpp; sourceTree = "<group>"; };
		F7975CE317A84FD700EF0F1C /* FBWebDialogsDelegateProtocolCxx.hpp */ = {isa = PBXFileReference; fileEncoding = 4; lastKnownFileType = sourcecode.cpp.h; path = FBWebDialogsDelegateProtocolCxx.hpp; sourceTree = "<group>"; };
		F7E447DE17A1BE910029E8BC /* TestFacebookCXX.app */ = {isa = PBXFileReference; explicitFileType = wrapper.application; includeInIndex = 0; path = TestFacebookCXX.app; sourceTree = BUILT_PRODUCTS_DIR; };
		F7E447E117A1BE910029E8BC /* UIKit.framework */ = {isa = PBXFileReference; lastKnownFileType = wrapper.framework; name = UIKit.framework; path = System/Library/Frameworks/UIKit.framework; sourceTree = SDKROOT; };
		F7E447E317A1BE910029E8BC /* Foundation.framework */ = {isa = PBXFileReference; lastKnownFileType = wrapper.framework; name = Foundation.framework; path = System/Library/Frameworks/Foundation.framework; sourceTree = SDKROOT; };
		F7E447E517A1BE910029E8BC /* CoreGraphics.framework */ = {isa = PBXFileReference; lastKnownFileType = wrapper.framework; name = CoreGraphics.framework; path = System/Library/Frameworks/CoreGraphics.framework; sourceTree = SDKROOT; };
		F7E447E917A1BE910029E8BC /* TestFacebookCXX-Info.plist */ = {isa = PBXFileReference; lastKnownFileType = text.plist.xml; path = "TestFacebookCXX-Info.plist"; sourceTree = "<group>"; };
		F7E447EB17A1BE910029E8BC /* en */ = {isa = PBXFileReference; lastKnownFileType = text.plist.strings; name = en; path = en.lproj/InfoPlist.strings; sourceTree = "<group>"; };
		F7E447ED17A1BE910029E8BC /* main.m */ = {isa = PBXFileReference; lastKnownFileType = sourcecode.c.objc; path = main.m; sourceTree = "<group>"; };
		F7E447EF17A1BE910029E8BC /* TestFacebookCXX-Prefix.pch */ = {isa = PBXFileReference; lastKnownFileType = sourcecode.c.h; path = "TestFacebookCXX-Prefix.pch"; sourceTree = "<group>"; };
		F7E447F017A1BE910029E8BC /* AppDelegate.h */ = {isa = PBXFileReference; lastKnownFileType = sourcecode.c.h; path = AppDelegate.h; sourceTree = "<group>"; };
		F7E447F117A1BE910029E8BC /* AppDelegate.mm */ = {isa = PBXFileReference; lastKnownFileType = sourcecode.cpp.objcpp; path = AppDelegate.mm; sourceTree = "<group>"; };
		F7E447F317A1BE910029E8BC /* Default.png */ = {isa = PBXFileReference; lastKnownFileType = image.png; path = Default.png; sourceTree = "<group>"; };
		F7E447F517A1BE910029E8BC /* Default@2x.png */ = {isa = PBXFileReference; lastKnownFileType = image.png; path = "Default@2x.png"; sourceTree = "<group>"; };
		F7E447F717A1BE910029E8BC /* Default-568h@2x.png */ = {isa = PBXFileReference; lastKnownFileType = image.png; path = "Default-568h@2x.png"; sourceTree = "<group>"; };
		F7E447F917A1BE910029E8BC /* ViewController.h */ = {isa = PBXFileReference; lastKnownFileType = sourcecode.c.h; path = ViewController.h; sourceTree = "<group>"; };
		F7E447FA17A1BE910029E8BC /* ViewController.mm */ = {isa = PBXFileReference; lastKnownFileType = sourcecode.cpp.objcpp; path = ViewController.mm; sourceTree = "<group>"; };
		F7E447FD17A1BE910029E8BC /* en */ = {isa = PBXFileReference; lastKnownFileType = file.xib; name = en; path = en.lproj/ViewController.xib; sourceTree = "<group>"; };
/* End PBXFileReference section */

/* Begin PBXFrameworksBuildPhase section */
		F7E447DB17A1BE910029E8BC /* Frameworks */ = {
			isa = PBXFrameworksBuildPhase;
			buildActionMask = 2147483647;
			files = (
				F71E114B17A1D82E0045EBC5 /* libsqlite3.dylib in Frameworks */,
				F71E114917A1D8210045EBC5 /* AdSupport.framework in Frameworks */,
				F71E114717A1D81E0045EBC5 /* Social.framework in Frameworks */,
				F71E114517A1D8170045EBC5 /* Accounts.framework in Frameworks */,
				F7E447E217A1BE910029E8BC /* UIKit.framework in Frameworks */,
				F7E447E417A1BE910029E8BC /* Foundation.framework in Frameworks */,
				F7E447E617A1BE910029E8BC /* CoreGraphics.framework in Frameworks */,
				F71E110717A1C4E50045EBC5 /* FacebookSDK.framework in Frameworks */,
				F71E114317A1D80E0045EBC5 /* CXXConverter.framework in Frameworks */,
			);
			runOnlyForDeploymentPostprocessing = 0;
		};
/* End PBXFrameworksBuildPhase section */

/* Begin PBXGroup section */
		F71E110817A1C55F0045EBC5 /* generated */ = {
			isa = PBXGroup;
			children = (
				F7975C8717A84FD700EF0F1C /* impl */,
				F7975CAF17A84FD700EF0F1C /* includes */,
				F7975C4D17A84FBF00EF0F1C /* conformers */,
			);
			name = generated;
			sourceTree = "<group>";
		};
		F7975C4D17A84FBF00EF0F1C /* conformers */ = {
			isa = PBXGroup;
			children = (
				F7975C4E17A84FBF00EF0F1C /* impl */,
				F7975C5817A84FBF00EF0F1C /* includes */,
				F7975C6217A84FBF00EF0F1C /* private */,
			);
			name = conformers;
			path = ../../cxx/generated/project/FacebookCXX/conformers;
			sourceTree = "<group>";
		};
		F7975C4E17A84FBF00EF0F1C /* impl */ = {
			isa = PBXGroup;
			children = (
				F7975C4F17A84FBF00EF0F1C /* FBGraphLocationConformerCxx.mm */,
				F7975C5017A84FBF00EF0F1C /* FBGraphObjectConformerCxx.mm */,
				F7975C5117A84FBF00EF0F1C /* FBGraphPlaceConformerCxx.mm */,
				F7975C5217A84FBF00EF0F1C /* FBGraphUserConformerCxx.mm */,
				F7975C5317A84FBF00EF0F1C /* FBLoginViewDelegateConformerCxx.mm */,
				F7975C5417A84FBF00EF0F1C /* FBOpenGraphActionConformerCxx.mm */,
				F7975C5517A84FBF00EF0F1C /* FBOpenGraphObjectConformerCxx.mm */,
				F7975C5617A84FBF00EF0F1C /* FBViewControllerDelegateConformerCxx.mm */,
				F7975C5717A84FBF00EF0F1C /* FBWebDialogsDelegateConformerCxx.mm */,
			);
			path = impl;
			sourceTree = "<group>";
		};
		F7975C5817A84FBF00EF0F1C /* includes */ = {
			isa = PBXGroup;
			children = (
				F7975C5917A84FBF00EF0F1C /* FBGraphLocationConformerCxx.hpp */,
				F7975C5A17A84FBF00EF0F1C /* FBGraphObjectConformerCxx.hpp */,
				F7975C5B17A84FBF00EF0F1C /* FBGraphPlaceConformerCxx.hpp */,
				F7975C5C17A84FBF00EF0F1C /* FBGraphUserConformerCxx.hpp */,
				F7975C5D17A84FBF00EF0F1C /* FBLoginViewDelegateConformerCxx.hpp */,
				F7975C5E17A84FBF00EF0F1C /* FBOpenGraphActionConformerCxx.hpp */,
				F7975C5F17A84FBF00EF0F1C /* FBOpenGraphObjectConformerCxx.hpp */,
				F7975C6017A84FBF00EF0F1C /* FBViewControllerDelegateConformerCxx.hpp */,
				F7975C6117A84FBF00EF0F1C /* FBWebDialogsDelegateConformerCxx.hpp */,
			);
			path = includes;
			sourceTree = "<group>";
		};
		F7975C6217A84FBF00EF0F1C /* private */ = {
			isa = PBXGroup;
			children = (
				F7975C6317A84FBF00EF0F1C /* FBGraphLocationConformer.h */,
				F7975C6417A84FBF00EF0F1C /* FBGraphLocationConformer.mm */,
				F7975C6517A84FBF00EF0F1C /* FBGraphObjectConformer.h */,
				F7975C6617A84FBF00EF0F1C /* FBGraphObjectConformer.mm */,
				F7975C6717A84FBF00EF0F1C /* FBGraphPlaceConformer.h */,
				F7975C6817A84FBF00EF0F1C /* FBGraphPlaceConformer.mm */,
				F7975C6917A84FBF00EF0F1C /* FBGraphUserConformer.h */,
				F7975C6A17A84FBF00EF0F1C /* FBGraphUserConformer.mm */,
				F7975C6B17A84FBF00EF0F1C /* FBLoginViewDelegateConformer.h */,
				F7975C6C17A84FBF00EF0F1C /* FBLoginViewDelegateConformer.mm */,
				F7975C6D17A84FBF00EF0F1C /* FBOpenGraphActionConformer.h */,
				F7975C6E17A84FBF00EF0F1C /* FBOpenGraphActionConformer.mm */,
				F7975C6F17A84FBF00EF0F1C /* FBOpenGraphObjectConformer.h */,
				F7975C7017A84FBF00EF0F1C /* FBOpenGraphObjectConformer.mm */,
				F7975C7117A84FBF00EF0F1C /* FBViewControllerDelegateConformer.h */,
				F7975C7217A84FBF00EF0F1C /* FBViewControllerDelegateConformer.mm */,
				F7975C7317A84FBF00EF0F1C /* FBWebDialogsDelegateConformer.h */,
				F7975C7417A84FBF00EF0F1C /* FBWebDialogsDelegateConformer.mm */,
			);
			path = private;
			sourceTree = "<group>";
		};
		F7975C8717A84FD700EF0F1C /* impl */ = {
			isa = PBXGroup;
			children = (
				F7975C8817A84FD700EF0F1C /* converters */,
				F7975C8A17A84FD700EF0F1C /* FBAccessTokenDataCxx.mm */,
				F7975C8B17A84FD700EF0F1C /* FBAppCallCxx.mm */,
				F7975C8C17A84FD700EF0F1C /* FBAppEventsCxx.mm */,
				F7975C8D17A84FD700EF0F1C /* FBAppLinkDataCxx.mm */,
				F7975C8E17A84FD700EF0F1C /* FBCacheDescriptorCxx.mm */,
				F7975C8F17A84FD700EF0F1C /* FBDialogsCxx.mm */,
				F7975C9017A84FD700EF0F1C /* FBDialogsDataCxx.mm */,
				F7975C9117A84FD700EF0F1C /* FBDialogsParamsCxx.mm */,
				F7975C9217A84FD700EF0F1C /* FBErrorUtilityCxx.mm */,
				F7975C9317A84FD700EF0F1C /* FBFrictionlessRecipientCacheCxx.mm */,
				F7975C9417A84FD700EF0F1C /* FBFriendPickerViewControllerCxx.mm */,
				F7975C9517A84FD700EF0F1C /* FBGraphLocationProtocolCxx.mm */,
				F7975C9617A84FD700EF0F1C /* FBGraphObjectCxx.mm */,
				F7975C9717A84FD700EF0F1C /* FBGraphObjectProtocolCxx.mm */,
				F7975C9817A84FD700EF0F1C /* FBGraphPlaceProtocolCxx.mm */,
				F7975C9917A84FD700EF0F1C /* FBGraphUserProtocolCxx.mm */,
				F7975C9A17A84FD700EF0F1C /* FBInsightsCxx.mm */,
				F7975C9B17A84FD700EF0F1C /* FBLoginViewCxx.mm */,
				F7975C9C17A84FD700EF0F1C /* FBLoginViewDelegateProtocolCxx.mm */,
				F7975C9D17A84FD700EF0F1C /* FBNativeDialogsCxx.mm */,
				F7975C9E17A84FD700EF0F1C /* FBOpenGraphActionProtocolCxx.mm */,
				F7975C9F17A84FD700EF0F1C /* FBOpenGraphActionShareDialogParamsCxx.mm */,
				F7975CA017A84FD700EF0F1C /* FBOpenGraphObjectProtocolCxx.mm */,
				F7975CA117A84FD700EF0F1C /* FBPlacePickerViewControllerCxx.mm */,
				F7975CA217A84FD700EF0F1C /* FBProfilePictureViewCxx.mm */,
				F7975CA317A84FD700EF0F1C /* FBRequestConnectionCxx.mm */,
				F7975CA417A84FD700EF0F1C /* FBRequestCxx.mm */,
				F7975CA517A84FD700EF0F1C /* FBSessionCxx.mm */,
				F7975CA617A84FD700EF0F1C /* FBSessionTokenCachingStrategyCxx.mm */,
				F7975CA717A84FD700EF0F1C /* FBSettingsCxx.mm */,
				F7975CA817A84FD700EF0F1C /* FBShareDialogParamsCxx.mm */,
				F7975CA917A84FD700EF0F1C /* FBTestSessionCxx.mm */,
				F7975CAA17A84FD700EF0F1C /* FBUserSettingsViewControllerCxx.mm */,
				F7975CAB17A84FD700EF0F1C /* FBViewControllerCxx.mm */,
				F7975CAC17A84FD700EF0F1C /* FBViewControllerDelegateProtocolCxx.mm */,
				F7975CAD17A84FD700EF0F1C /* FBWebDialogsCxx.mm */,
				F7975CAE17A84FD700EF0F1C /* FBWebDialogsDelegateProtocolCxx.mm */,
			);
			name = impl;
			path = ../../cxx/generated/project/FacebookCXX/impl;
			sourceTree = "<group>";
		};
		F7975C8817A84FD700EF0F1C /* converters */ = {
			isa = PBXGroup;
			children = (
				F7975C8917A84FD700EF0F1C /* FacebookCXXConverter.mm */,
			);
			path = converters;
			sourceTree = "<group>";
		};
		F7975CAF17A84FD700EF0F1C /* includes */ = {
			isa = PBXGroup;
			children = (
				F7975CB017A84FD700EF0F1C /* converters */,
				F7975CB217A84FD700EF0F1C /* FBAccessTokenDataCxx.hpp */,
				F7975CB317A84FD700EF0F1C /* FBAppCallCxx.hpp */,
				F7975CB417A84FD700EF0F1C /* FBAppEventsCxx.hpp */,
				F7975CB517A84FD700EF0F1C /* FBAppEventsFlushBehaviorCxx.hpp */,
				F7975CB617A84FD700EF0F1C /* FBAppLinkDataCxx.hpp */,
				F7975CB717A84FD700EF0F1C /* FBBetaFeaturesCxx.hpp */,
				F7975CB817A84FD700EF0F1C /* FBCacheDescriptorCxx.hpp */,
				F7975CB917A84FD700EF0F1C /* FBDialogsCxx.hpp */,
				F7975CBA17A84FD700EF0F1C /* FBDialogsDataCxx.hpp */,
				F7975CBB17A84FD700EF0F1C /* FBDialogsParamsCxx.hpp */,
				F7975CBC17A84FD700EF0F1C /* FBErrorUtilityCxx.hpp */,
				F7975CBD17A84FD700EF0F1C /* FBFrictionlessRecipientCacheCxx.hpp */,
				F7975CBE17A84FD700EF0F1C /* FBFriendDisplayOrderingCxx.hpp */,
				F7975CBF17A84FD700EF0F1C /* FBFriendPickerViewControllerCxx.hpp */,
				F7975CC017A84FD700EF0F1C /* FBFriendSortOrderingCxx.hpp */,
				F7975CC117A84FD700EF0F1C /* FBGraphLocationProtocolCxx.hpp */,
				F7975CC217A84FD700EF0F1C /* FBGraphObjectCxx.hpp */,
				F7975CC317A84FD700EF0F1C /* FBGraphObjectProtocolCxx.hpp */,
				F7975CC417A84FD700EF0F1C /* FBGraphPlaceProtocolCxx.hpp */,
				F7975CC517A84FD700EF0F1C /* FBGraphUserProtocolCxx.hpp */,
				F7975CC617A84FD700EF0F1C /* FBInsightsCxx.hpp */,
				F7975CC717A84FD700EF0F1C /* FBInsightsFlushBehaviorCxx.hpp */,
				F7975CC817A84FD700EF0F1C /* FBLoginViewCxx.hpp */,
				F7975CC917A84FD700EF0F1C /* FBLoginViewDelegateProtocolCxx.hpp */,
				F7975CCA17A84FD700EF0F1C /* FBNativeDialogResultCxx.hpp */,
				F7975CCB17A84FD700EF0F1C /* FBNativeDialogsCxx.hpp */,
				F7975CCC17A84FD700EF0F1C /* FBOpenGraphActionProtocolCxx.hpp */,
				F7975CCD17A84FD700EF0F1C /* FBOpenGraphActionShareDialogParamsCxx.hpp */,
				F7975CCE17A84FD700EF0F1C /* FBOpenGraphObjectProtocolCxx.hpp */,
				F7975CCF17A84FD700EF0F1C /* FBOSIntegratedShareDialogResultCxx.hpp */,
				F7975CD017A84FD700EF0F1C /* FBPlacePickerViewControllerCxx.hpp */,
				F7975CD117A84FD700EF0F1C /* FBProfilePictureCroppingCxx.hpp */,
				F7975CD217A84FD700EF0F1C /* FBProfilePictureViewCxx.hpp */,
				F7975CD317A84FD700EF0F1C /* FBRequestConnectionCxx.hpp */,
				F7975CD417A84FD700EF0F1C /* FBRequestCxx.hpp */,
				F7975CD517A84FD700EF0F1C /* FBSessionCxx.hpp */,
				F7975CD617A84FD700EF0F1C /* FBSessionDefaultAudienceCxx.hpp */,
				F7975CD717A84FD700EF0F1C /* FBSessionLoginBehaviorCxx.hpp */,
				F7975CD817A84FD700EF0F1C /* FBSessionLoginTypeCxx.hpp */,
				F7975CD917A84FD700EF0F1C /* FBSessionStateCxx.hpp */,
				F7975CDA17A84FD700EF0F1C /* FBSessionTokenCachingStrategyCxx.hpp */,
				F7975CDB17A84FD700EF0F1C /* FBSettingsCxx.hpp */,
				F7975CDC17A84FD700EF0F1C /* FBShareDialogParamsCxx.hpp */,
				F7975CDD17A84FD700EF0F1C /* FBTestSessionCxx.hpp */,
				F7975CDE17A84FD700EF0F1C /* FBUserSettingsViewControllerCxx.hpp */,
				F7975CDF17A84FD700EF0F1C /* FBViewControllerCxx.hpp */,
				F7975CE017A84FD700EF0F1C /* FBViewControllerDelegateProtocolCxx.hpp */,
				F7975CE117A84FD700EF0F1C /* FBWebDialogResultCxx.hpp */,
				F7975CE217A84FD700EF0F1C /* FBWebDialogsCxx.hpp */,
				F7975CE317A84FD700EF0F1C /* FBWebDialogsDelegateProtocolCxx.hpp */,
			);
			name = includes;
			path = ../../cxx/generated/project/FacebookCXX/includes;
			sourceTree = "<group>";
		};
		F7975CB017A84FD700EF0F1C /* converters */ = {
			isa = PBXGroup;
			children = (
				F7975CB117A84FD700EF0F1C /* FacebookCXXConverter.hpp */,
			);
			path = converters;
			sourceTree = "<group>";
		};
		F7E447D517A1BE910029E8BC = {
			isa = PBXGroup;
			children = (
				F71E114A17A1D82E0045EBC5 /* libsqlite3.dylib */,
				F71E114817A1D8210045EBC5 /* AdSupport.framework */,
				F71E114617A1D81E0045EBC5 /* Social.framework */,
				F71E114417A1D8170045EBC5 /* Accounts.framework */,
				F7E447E717A1BE910029E8BC /* TestFacebookCXX */,
				F7E447E017A1BE910029E8BC /* Frameworks */,
				F7E447DF17A1BE910029E8BC /* Products */,
			);
			sourceTree = "<group>";
		};
		F7E447DF17A1BE910029E8BC /* Products */ = {
			isa = PBXGroup;
			children = (
				F7E447DE17A1BE910029E8BC /* TestFacebookCXX.app */,
			);
			name = Products;
			sourceTree = "<group>";
		};
		F7E447E017A1BE910029E8BC /* Frameworks */ = {
			isa = PBXGroup;
			children = (
				F71E114217A1D80E0045EBC5 /* CXXConverter.framework */,
				F71E110617A1C4E50045EBC5 /* FacebookSDK.framework */,
				F7E447E117A1BE910029E8BC /* UIKit.framework */,
				F7E447E317A1BE910029E8BC /* Foundation.framework */,
				F7E447E517A1BE910029E8BC /* CoreGraphics.framework */,
			);
			name = Frameworks;
			sourceTree = "<group>";
		};
		F7E447E717A1BE910029E8BC /* TestFacebookCXX */ = {
			isa = PBXGroup;
			children = (
				F71E110817A1C55F0045EBC5 /* generated */,
				F7E447F017A1BE910029E8BC /* AppDelegate.h */,
				F7E447F117A1BE910029E8BC /* AppDelegate.mm */,
				F7E447F917A1BE910029E8BC /* ViewController.h */,
				F7E447FA17A1BE910029E8BC /* ViewController.mm */,
				F7E447FC17A1BE910029E8BC /* ViewController.xib */,
				F7E447E817A1BE910029E8BC /* Supporting Files */,
			);
			path = TestFacebookCXX;
			sourceTree = "<group>";
		};
		F7E447E817A1BE910029E8BC /* Supporting Files */ = {
			isa = PBXGroup;
			children = (
				F7E447E917A1BE910029E8BC /* TestFacebookCXX-Info.plist */,
				F7E447EA17A1BE910029E8BC /* InfoPlist.strings */,
				F7E447ED17A1BE910029E8BC /* main.m */,
				F7E447EF17A1BE910029E8BC /* TestFacebookCXX-Prefix.pch */,
				F7E447F317A1BE910029E8BC /* Default.png */,
				F7E447F517A1BE910029E8BC /* Default@2x.png */,
				F7E447F717A1BE910029E8BC /* Default-568h@2x.png */,
			);
			name = "Supporting Files";
			sourceTree = "<group>";
		};
/* End PBXGroup section */

/* Begin PBXNativeTarget section */
		F7E447DD17A1BE910029E8BC /* TestFacebookCXX */ = {
			isa = PBXNativeTarget;
			buildConfigurationList = F7E4480117A1BE910029E8BC /* Build configuration list for PBXNativeTarget "TestFacebookCXX" */;
			buildPhases = (
				F7E447DA17A1BE910029E8BC /* Sources */,
				F7E447DB17A1BE910029E8BC /* Frameworks */,
				F7E447DC17A1BE910029E8BC /* Resources */,
			);
			buildRules = (
			);
			dependencies = (
			);
			name = TestFacebookCXX;
			productName = TestFacebookCXX;
			productReference = F7E447DE17A1BE910029E8BC /* TestFacebookCXX.app */;
			productType = "com.apple.product-type.application";
		};
/* End PBXNativeTarget section */

/* Begin PBXProject section */
		F7E447D617A1BE910029E8BC /* Project object */ = {
			isa = PBXProject;
			attributes = {
				LastUpgradeCheck = 0460;
				ORGANIZATIONNAME = Zynga;
			};
			buildConfigurationList = F7E447D917A1BE910029E8BC /* Build configuration list for PBXProject "TestFacebookCXX" */;
			compatibilityVersion = "Xcode 3.2";
			developmentRegion = English;
			hasScannedForEncodings = 0;
			knownRegions = (
				en,
			);
			mainGroup = F7E447D517A1BE910029E8BC;
			productRefGroup = F7E447DF17A1BE910029E8BC /* Products */;
			projectDirPath = "";
			projectRoot = "";
			targets = (
				F7E447DD17A1BE910029E8BC /* TestFacebookCXX */,
			);
		};
/* End PBXProject section */

/* Begin PBXResourcesBuildPhase section */
		F7E447DC17A1BE910029E8BC /* Resources */ = {
			isa = PBXResourcesBuildPhase;
			buildActionMask = 2147483647;
			files = (
				F7E447EC17A1BE910029E8BC /* InfoPlist.strings in Resources */,
				F7E447F417A1BE910029E8BC /* Default.png in Resources */,
				F7E447F617A1BE910029E8BC /* Default@2x.png in Resources */,
				F7E447F817A1BE910029E8BC /* Default-568h@2x.png in Resources */,
				F7E447FE17A1BE910029E8BC /* ViewController.xib in Resources */,
			);
			runOnlyForDeploymentPostprocessing = 0;
		};
/* End PBXResourcesBuildPhase section */

/* Begin PBXSourcesBuildPhase section */
		F7E447DA17A1BE910029E8BC /* Sources */ = {
			isa = PBXSourcesBuildPhase;
			buildActionMask = 2147483647;
			files = (
				F7E447EE17A1BE910029E8BC /* main.m in Sources */,
				F7E447F217A1BE910029E8BC /* AppDelegate.mm in Sources */,
				F7E447FB17A1BE910029E8BC /* ViewController.mm in Sources */,
				F7975C7517A84FBF00EF0F1C /* FBGraphLocationConformerCxx.mm in Sources */,
				F7975C7617A84FBF00EF0F1C /* FBGraphObjectConformerCxx.mm in Sources */,
				F7975C7717A84FBF00EF0F1C /* FBGraphPlaceConformerCxx.mm in Sources */,
				F7975C7817A84FBF00EF0F1C /* FBGraphUserConformerCxx.mm in Sources */,
				F7975C7917A84FBF00EF0F1C /* FBLoginViewDelegateConformerCxx.mm in Sources */,
				F7975C7A17A84FBF00EF0F1C /* FBOpenGraphActionConformerCxx.mm in Sources */,
				F7975C7B17A84FBF00EF0F1C /* FBOpenGraphObjectConformerCxx.mm in Sources */,
				F7975C7C17A84FBF00EF0F1C /* FBViewControllerDelegateConformerCxx.mm in Sources */,
				F7975C7D17A84FBF00EF0F1C /* FBWebDialogsDelegateConformerCxx.mm in Sources */,
				F7975C7E17A84FBF00EF0F1C /* FBGraphLocationConformer.mm in Sources */,
				F7975C7F17A84FBF00EF0F1C /* FBGraphObjectConformer.mm in Sources */,
				F7975C8017A84FBF00EF0F1C /* FBGraphPlaceConformer.mm in Sources */,
				F7975C8117A84FBF00EF0F1C /* FBGraphUserConformer.mm in Sources */,
				F7975C8217A84FBF00EF0F1C /* FBLoginViewDelegateConformer.mm in Sources */,
				F7975C8317A84FBF00EF0F1C /* FBOpenGraphActionConformer.mm in Sources */,
				F7975C8417A84FBF00EF0F1C /* FBOpenGraphObjectConformer.mm in Sources */,
				F7975C8517A84FBF00EF0F1C /* FBViewControllerDelegateConformer.mm in Sources */,
				F7975C8617A84FBF00EF0F1C /* FBWebDialogsDelegateConformer.mm in Sources */,
				F7975CE417A84FD700EF0F1C /* FacebookCXXConverter.mm in Sources */,
				F7975CE517A84FD700EF0F1C /* FBAccessTokenDataCxx.mm in Sources */,
				F7975CE617A84FD700EF0F1C /* FBAppCallCxx.mm in Sources */,
				F7975CE717A84FD700EF0F1C /* FBAppEventsCxx.mm in Sources */,
				F7975CE817A84FD700EF0F1C /* FBAppLinkDataCxx.mm in Sources */,
				F7975CE917A84FD700EF0F1C /* FBCacheDescriptorCxx.mm in Sources */,
				F7975CEA17A84FD700EF0F1C /* FBDialogsCxx.mm in Sources */,
				F7975CEB17A84FD700EF0F1C /* FBDialogsDataCxx.mm in Sources */,
				F7975CEC17A84FD700EF0F1C /* FBDialogsParamsCxx.mm in Sources */,
				F7975CEE17A84FD700EF0F1C /* FBFrictionlessRecipientCacheCxx.mm in Sources */,
				F7975CEF17A84FD700EF0F1C /* FBFriendPickerViewControllerCxx.mm in Sources */,
				F7975CF017A84FD700EF0F1C /* FBGraphLocationProtocolCxx.mm in Sources */,
				F7975CF117A84FD700EF0F1C /* FBGraphObjectCxx.mm in Sources */,
				F7975CF217A84FD700EF0F1C /* FBGraphObjectProtocolCxx.mm in Sources */,
				F7975CF317A84FD700EF0F1C /* FBGraphPlaceProtocolCxx.mm in Sources */,
				F7975CF417A84FD700EF0F1C /* FBGraphUserProtocolCxx.mm in Sources */,
				F7975CF517A84FD700EF0F1C /* FBInsightsCxx.mm in Sources */,
				F7975CF617A84FD700EF0F1C /* FBLoginViewCxx.mm in Sources */,
				F7975CF717A84FD700EF0F1C /* FBLoginViewDelegateProtocolCxx.mm in Sources */,
				F7975CF817A84FD700EF0F1C /* FBNativeDialogsCxx.mm in Sources */,
				F7975CF917A84FD700EF0F1C /* FBOpenGraphActionProtocolCxx.mm in Sources */,
				F7975CFA17A84FD700EF0F1C /* FBOpenGraphActionShareDialogParamsCxx.mm in Sources */,
				F7975CFB17A84FD700EF0F1C /* FBOpenGraphObjectProtocolCxx.mm in Sources */,
				F7975CFC17A84FD700EF0F1C /* FBPlacePickerViewControllerCxx.mm in Sources */,
				F7975CFD17A84FD700EF0F1C /* FBProfilePictureViewCxx.mm in Sources */,
				F7975CFE17A84FD700EF0F1C /* FBRequestConnectionCxx.mm in Sources */,
				F7975CFF17A84FD700EF0F1C /* FBRequestCxx.mm in Sources */,
				F7975D0017A84FD700EF0F1C /* FBSessionCxx.mm in Sources */,
				F7975D0117A84FD700EF0F1C /* FBSessionTokenCachingStrategyCxx.mm in Sources */,
				F7975D0217A84FD700EF0F1C /* FBSettingsCxx.mm in Sources */,
				F7975D0317A84FD700EF0F1C /* FBShareDialogParamsCxx.mm in Sources */,
				F7975D0417A84FD700EF0F1C /* FBTestSessionCxx.mm in Sources */,
				F7975D0517A84FD700EF0F1C /* FBUserSettingsViewControllerCxx.mm in Sources */,
				F7975D0617A84FD700EF0F1C /* FBViewControllerCxx.mm in Sources */,
				F7975D0717A84FD700EF0F1C /* FBViewControllerDelegateProtocolCxx.mm in Sources */,
				F7975D0817A84FD700EF0F1C /* FBWebDialogsCxx.mm in Sources */,
				F7975D0917A84FD700EF0F1C /* FBWebDialogsDelegateProtocolCxx.mm in Sources */,
			);
			runOnlyForDeploymentPostprocessing = 0;
		};
/* End PBXSourcesBuildPhase section */

/* Begin PBXVariantGroup section */
		F7E447EA17A1BE910029E8BC /* InfoPlist.strings */ = {
			isa = PBXVariantGroup;
			children = (
				F7E447EB17A1BE910029E8BC /* en */,
			);
			name = InfoPlist.strings;
			sourceTree = "<group>";
		};
		F7E447FC17A1BE910029E8BC /* ViewController.xib */ = {
			isa = PBXVariantGroup;
			children = (
				F7E447FD17A1BE910029E8BC /* en */,
			);
			name = ViewController.xib;
			sourceTree = "<group>";
		};
/* End PBXVariantGroup section */

/* Begin XCBuildConfiguration section */
		F7E447FF17A1BE910029E8BC /* Debug */ = {
			isa = XCBuildConfiguration;
			buildSettings = {
				ALWAYS_SEARCH_USER_PATHS = NO;
				ARCHS = (
					"$(ARCHS_STANDARD_32_BIT)",
					i386,
				);
				CLANG_CXX_LANGUAGE_STANDARD = "gnu++0x";
				CLANG_CXX_LIBRARY = "libc++";
				CLANG_ENABLE_OBJC_ARC = YES;
				CLANG_WARN_CONSTANT_CONVERSION = YES;
				CLANG_WARN_EMPTY_BODY = YES;
				CLANG_WARN_ENUM_CONVERSION = YES;
				CLANG_WARN_INT_CONVERSION = YES;
				CLANG_WARN__DUPLICATE_METHOD_MATCH = YES;
				CODE_SIGN_IDENTITY = "iPhone Distribution: Zynga Game Network Inc";
				"CODE_SIGN_IDENTITY[sdk=iphoneos*]" = "iPhone Distribution: Zynga Game Network Inc";
				COPY_PHASE_STRIP = NO;
				FRAMEWORK_SEARCH_PATHS = (
					"$(SRCROOT)/../objc/facebook-ios-sdk",
					"$(SRCROOT)/../../../../../generator/platform/ios/resources/CXXConverter/build/Debug-iphoneos/",
				);
				GCC_C_LANGUAGE_STANDARD = gnu99;
				GCC_DYNAMIC_NO_PIC = NO;
				GCC_OPTIMIZATION_LEVEL = 0;
				GCC_PREPROCESSOR_DEFINITIONS = (
					"DEBUG=1",
					"$(inherited)",
				);
				GCC_SYMBOLS_PRIVATE_EXTERN = NO;
				GCC_WARN_ABOUT_RETURN_TYPE = YES;
				GCC_WARN_UNINITIALIZED_AUTOS = YES;
				GCC_WARN_UNUSED_VARIABLE = YES;
				HEADER_SEARCH_PATHS = "";
				IPHONEOS_DEPLOYMENT_TARGET = 6.1;
				ONLY_ACTIVE_ARCH = NO;
				PROVISIONING_PROFILE = "22967452-8859-4C86-84AE-107D17432AF6";
				"PROVISIONING_PROFILE[sdk=iphoneos*]" = "22967452-8859-4C86-84AE-107D17432AF6";
				SDKROOT = iphoneos;
			};
			name = Debug;
		};
		F7E4480017A1BE910029E8BC /* Release */ = {
			isa = XCBuildConfiguration;
			buildSettings = {
				ALWAYS_SEARCH_USER_PATHS = NO;
				ARCHS = (
					"$(ARCHS_STANDARD_32_BIT)",
					i386,
				);
				CLANG_CXX_LANGUAGE_STANDARD = "gnu++0x";
				CLANG_CXX_LIBRARY = "libc++";
				CLANG_ENABLE_OBJC_ARC = YES;
				CLANG_WARN_CONSTANT_CONVERSION = YES;
				CLANG_WARN_EMPTY_BODY = YES;
				CLANG_WARN_ENUM_CONVERSION = YES;
				CLANG_WARN_INT_CONVERSION = YES;
				CLANG_WARN__DUPLICATE_METHOD_MATCH = YES;
				CODE_SIGN_IDENTITY = "iPhone Distribution: Zynga Game Network Inc";
				"CODE_SIGN_IDENTITY[sdk=iphoneos*]" = "iPhone Distribution: Zynga Game Network Inc";
				COPY_PHASE_STRIP = YES;
				FRAMEWORK_SEARCH_PATHS = (
					"$(SRCROOT)/../objc/facebook-ios-sdk",
					"$(SRCROOT)/../../../../../generator/platform/ios/resources/CXXConverter/build/Debug-iphoneos/",
				);
				GCC_C_LANGUAGE_STANDARD = gnu99;
				GCC_WARN_ABOUT_RETURN_TYPE = YES;
				GCC_WARN_UNINITIALIZED_AUTOS = YES;
				GCC_WARN_UNUSED_VARIABLE = YES;
				HEADER_SEARCH_PATHS = "";
				IPHONEOS_DEPLOYMENT_TARGET = 6.1;
				OTHER_CFLAGS = "-DNS_BLOCK_ASSERTIONS=1";
				PROVISIONING_PROFILE = "22967452-8859-4C86-84AE-107D17432AF6";
				"PROVISIONING_PROFILE[sdk=iphoneos*]" = "22967452-8859-4C86-84AE-107D17432AF6";
				SDKROOT = iphoneos;
				VALIDATE_PRODUCT = YES;
			};
			name = Release;
		};
		F7E4480217A1BE910029E8BC /* Debug */ = {
			isa = XCBuildConfiguration;
			buildSettings = {
				FRAMEWORK_SEARCH_PATHS = (
					"$(inherited)",
					"\"$(SRCROOT)/../objc/facebook-ios-sdk\"",
					"\"$(SRCROOT)/../../../../../generator/platform/ios/resources/CXXConverter/build/Debug-iphoneos\"",
				);
				GCC_PRECOMPILE_PREFIX_HEADER = YES;
				GCC_PREFIX_HEADER = "TestFacebookCXX/TestFacebookCXX-Prefix.pch";
				INFOPLIST_FILE = "TestFacebookCXX/TestFacebookCXX-Info.plist";
				PRODUCT_NAME = "$(TARGET_NAME)";
				WRAPPER_EXTENSION = app;
			};
			name = Debug;
		};
		F7E4480317A1BE910029E8BC /* Release */ = {
			isa = XCBuildConfiguration;
			buildSettings = {
				FRAMEWORK_SEARCH_PATHS = (
					"$(inherited)",
					"\"$(SRCROOT)/../objc/facebook-ios-sdk\"",
					"\"$(SRCROOT)/../../../../../generator/platform/ios/resources/CXXConverter/build/Debug-iphoneos\"",
				);
				GCC_PRECOMPILE_PREFIX_HEADER = YES;
				GCC_PREFIX_HEADER = "TestFacebookCXX/TestFacebookCXX-Prefix.pch";
				INFOPLIST_FILE = "TestFacebookCXX/TestFacebookCXX-Info.plist";
				PRODUCT_NAME = "$(TARGET_NAME)";
				WRAPPER_EXTENSION = app;
			};
			name = Release;
		};
/* End XCBuildConfiguration section */

/* Begin XCConfigurationList section */
		F7E447D917A1BE910029E8BC /* Build configuration list for PBXProject "TestFacebookCXX" */ = {
			isa = XCConfigurationList;
			buildConfigurations = (
				F7E447FF17A1BE910029E8BC /* Debug */,
				F7E4480017A1BE910029E8BC /* Release */,
			);
			defaultConfigurationIsVisible = 0;
			defaultConfigurationName = Release;
		};
		F7E4480117A1BE910029E8BC /* Build configuration list for PBXNativeTarget "TestFacebookCXX" */ = {
			isa = XCConfigurationList;
			buildConfigurations = (
				F7E4480217A1BE910029E8BC /* Debug */,
				F7E4480317A1BE910029E8BC /* Release */,
			);
			defaultConfigurationIsVisible = 0;
			defaultConfigurationName = Release;
		};
/* End XCConfigurationList section */
	};
	rootObject = F7E447D617A1BE910029E8BC /* Project object */;
}
